// !$*UTF8*$!
{
	archiveVersion = 1;
	classes = {
	};
	objectVersion = 50;
	objects = {

/* Begin PBXBuildFile section */
		6F600414210EAD34009C4F03 /* AppDelegate.m in Sources */ = {isa = PBXBuildFile; fileRef = 6F600413210EAD34009C4F03 /* AppDelegate.m */; };
		6F60041A210EAD34009C4F03 /* Main.storyboard in Resources */ = {isa = PBXBuildFile; fileRef = 6F600418210EAD34009C4F03 /* Main.storyboard */; };
		6F60041C210EAD35009C4F03 /* Assets.xcassets in Resources */ = {isa = PBXBuildFile; fileRef = 6F60041B210EAD35009C4F03 /* Assets.xcassets */; };
		6F60041F210EAD35009C4F03 /* LaunchScreen.storyboard in Resources */ = {isa = PBXBuildFile; fileRef = 6F60041D210EAD35009C4F03 /* LaunchScreen.storyboard */; };
		6F600422210EAD35009C4F03 /* main.m in Sources */ = {isa = PBXBuildFile; fileRef = 6F600421210EAD35009C4F03 /* main.m */; };
		6F60042C210EAD35009C4F03 /* iOSToolTests.m in Sources */ = {isa = PBXBuildFile; fileRef = 6F60042B210EAD35009C4F03 /* iOSToolTests.m */; };
		6F600437210EAD35009C4F03 /* iOSToolUITests.m in Sources */ = {isa = PBXBuildFile; fileRef = 6F600436210EAD35009C4F03 /* iOSToolUITests.m */; };
		6F600446210EADFA009C4F03 /* RootViewController.m in Sources */ = {isa = PBXBuildFile; fileRef = 6F600445210EADFA009C4F03 /* RootViewController.m */; };
		6F600449210EAE7F009C4F03 /* CustomNavigationController.m in Sources */ = {isa = PBXBuildFile; fileRef = 6F600448210EAE7F009C4F03 /* CustomNavigationController.m */; };
		6F600451210EB3F1009C4F03 /* Info.strings in Resources */ = {isa = PBXBuildFile; fileRef = 6F600453210EB3F1009C4F03 /* Info.strings */; };
		6F600475210EB69F009C4F03 /* UIButton+ImagePosition.m in Sources */ = {isa = PBXBuildFile; fileRef = 6F60045C210EB69F009C4F03 /* UIButton+ImagePosition.m */; };
		6F600476210EB69F009C4F03 /* UIView+tool.m in Sources */ = {isa = PBXBuildFile; fileRef = 6F60045D210EB69F009C4F03 /* UIView+tool.m */; };
		6F600477210EB69F009C4F03 /* UIView+YNFind.m in Sources */ = {isa = PBXBuildFile; fileRef = 6F600460210EB69F009C4F03 /* UIView+YNFind.m */; };
		6F600478210EB69F009C4F03 /* UITextView+WZB.m in Sources */ = {isa = PBXBuildFile; fileRef = 6F600464210EB69F009C4F03 /* UITextView+WZB.m */; };
		6F600479210EB69F009C4F03 /* UIImage+tool.m in Sources */ = {isa = PBXBuildFile; fileRef = 6F600466210EB69F009C4F03 /* UIImage+tool.m */; };
		6F60047A210EB69F009C4F03 /* UILabel+YBAttributeTextTapAction.m in Sources */ = {isa = PBXBuildFile; fileRef = 6F600468210EB69F009C4F03 /* UILabel+YBAttributeTextTapAction.m */; };
		6F60047B210EB69F009C4F03 /* UIBarButtonItem+Extension.m in Sources */ = {isa = PBXBuildFile; fileRef = 6F60046A210EB69F009C4F03 /* UIBarButtonItem+Extension.m */; };
		6F60047C210EB69F009C4F03 /* UINavigationBar+Awesome.m in Sources */ = {isa = PBXBuildFile; fileRef = 6F60046C210EB69F009C4F03 /* UINavigationBar+Awesome.m */; };
		6F60047D210EB69F009C4F03 /* UIView+Toast.m in Sources */ = {isa = PBXBuildFile; fileRef = 6F60046D210EB69F009C4F03 /* UIView+Toast.m */; };
		6F60047E210EB69F009C4F03 /* UIColor+Hex.m in Sources */ = {isa = PBXBuildFile; fileRef = 6F600470210EB69F009C4F03 /* UIColor+Hex.m */; };
		6F60047F210EB69F009C4F03 /* NSString+tool.m in Sources */ = {isa = PBXBuildFile; fileRef = 6F600471210EB69F009C4F03 /* NSString+tool.m */; };
		6F600480210EB69F009C4F03 /* NSObject+Runtime.m in Sources */ = {isa = PBXBuildFile; fileRef = 6F600473210EB69F009C4F03 /* NSObject+Runtime.m */; };
		6F600483210EC737009C4F03 /* BaseViewController.m in Sources */ = {isa = PBXBuildFile; fileRef = 6F600482210EC737009C4F03 /* BaseViewController.m */; };
		6F600486210EC74E009C4F03 /* FirstPageViewController.m in Sources */ = {isa = PBXBuildFile; fileRef = 6F600485210EC74E009C4F03 /* FirstPageViewController.m */; };
		6F600489210EC75D009C4F03 /* UserViewController.m in Sources */ = {isa = PBXBuildFile; fileRef = 6F600488210EC75D009C4F03 /* UserViewController.m */; };
		6F60048C210ED043009C4F03 /* SecViewController.m in Sources */ = {isa = PBXBuildFile; fileRef = 6F60048B210ED043009C4F03 /* SecViewController.m */; };
		6F6004F0210ED322009C4F03 /* TDFileTool.m in Sources */ = {isa = PBXBuildFile; fileRef = 6F60048D210ED320009C4F03 /* TDFileTool.m */; };
		6F6004F1210ED322009C4F03 /* YZDisplayTitleLabel.m in Sources */ = {isa = PBXBuildFile; fileRef = 6F600490210ED321009C4F03 /* YZDisplayTitleLabel.m */; };
		6F6004F2210ED322009C4F03 /* YZFlowLayout.m in Sources */ = {isa = PBXBuildFile; fileRef = 6F600492210ED321009C4F03 /* YZFlowLayout.m */; };
		6F6004F3210ED322009C4F03 /* UIView+Frame.m in Sources */ = {isa = PBXBuildFile; fileRef = 6F600493210ED321009C4F03 /* UIView+Frame.m */; };
		6F6004F4210ED322009C4F03 /* YZDisplayViewController.m in Sources */ = {isa = PBXBuildFile; fileRef = 6F600497210ED321009C4F03 /* YZDisplayViewController.m */; };
		6F6004F5210ED322009C4F03 /* UITabBarItem+DKSBadge.m in Sources */ = {isa = PBXBuildFile; fileRef = 6F60049D210ED321009C4F03 /* UITabBarItem+DKSBadge.m */; };
		6F6004F6210ED322009C4F03 /* UITabBar+DKSTabBar.m in Sources */ = {isa = PBXBuildFile; fileRef = 6F60049E210ED321009C4F03 /* UITabBar+DKSTabBar.m */; };
		6F6004F7210ED322009C4F03 /* UIView+DKSBadge.m in Sources */ = {isa = PBXBuildFile; fileRef = 6F60049F210ED321009C4F03 /* UIView+DKSBadge.m */; };
		6F6004F8210ED322009C4F03 /* SDPhotoBrowser.m in Sources */ = {isa = PBXBuildFile; fileRef = 6F6004A2210ED321009C4F03 /* SDPhotoBrowser.m */; };
		6F6004F9210ED322009C4F03 /* SDWaitingView.m in Sources */ = {isa = PBXBuildFile; fileRef = 6F6004A3210ED321009C4F03 /* SDWaitingView.m */; };
		6F6004FA210ED322009C4F03 /* SDBrowserImageView.m in Sources */ = {isa = PBXBuildFile; fileRef = 6F6004A4210ED321009C4F03 /* SDBrowserImageView.m */; };
		6F6004FB210ED322009C4F03 /* JYLabelsSelect.m in Sources */ = {isa = PBXBuildFile; fileRef = 6F6004AB210ED321009C4F03 /* JYLabelsSelect.m */; };
		6F6004FC210ED322009C4F03 /* UILabel+SizeToFit.m in Sources */ = {isa = PBXBuildFile; fileRef = 6F6004AC210ED321009C4F03 /* UILabel+SizeToFit.m */; };
		6F6004FD210ED322009C4F03 /* backItemImage_hl@2x.png in Resources */ = {isa = PBXBuildFile; fileRef = 6F6004AE210ED321009C4F03 /* backItemImage_hl@2x.png */; };
		6F6004FE210ED322009C4F03 /* backItemImage@2x.png in Resources */ = {isa = PBXBuildFile; fileRef = 6F6004AF210ED321009C4F03 /* backItemImage@2x.png */; };
		6F6004FF210ED322009C4F03 /* WKWebViewController.m in Sources */ = {isa = PBXBuildFile; fileRef = 6F6004B0210ED321009C4F03 /* WKWebViewController.m */; };
		6F600500210ED322009C4F03 /* WKJSPOST.html in Resources */ = {isa = PBXBuildFile; fileRef = 6F6004B1210ED321009C4F03 /* WKJSPOST.html */; };
		6F600501210ED322009C4F03 /* SwipeTableView.m in Sources */ = {isa = PBXBuildFile; fileRef = 6F6004B5210ED321009C4F03 /* SwipeTableView.m */; };
		6F600502210ED322009C4F03 /* UIView+STFrame.m in Sources */ = {isa = PBXBuildFile; fileRef = 6F6004B8210ED321009C4F03 /* UIView+STFrame.m */; };
		6F600503210ED322009C4F03 /* CustomSegmentControl.m in Sources */ = {isa = PBXBuildFile; fileRef = 6F6004B9210ED321009C4F03 /* CustomSegmentControl.m */; };
		6F600504210ED322009C4F03 /* STCollectionView.m in Sources */ = {isa = PBXBuildFile; fileRef = 6F6004BA210ED321009C4F03 /* STCollectionView.m */; };
		6F600505210ED322009C4F03 /* STHeaderView.m in Sources */ = {isa = PBXBuildFile; fileRef = 6F6004BB210ED321009C4F03 /* STHeaderView.m */; };
		6F600506210ED322009C4F03 /* XJAlbum.m in Sources */ = {isa = PBXBuildFile; fileRef = 6F6004BF210ED321009C4F03 /* XJAlbum.m */; };
		6F600507210ED322009C4F03 /* XJImage.m in Sources */ = {isa = PBXBuildFile; fileRef = 6F6004C0210ED321009C4F03 /* XJImage.m */; };
		6F600508210ED322009C4F03 /* myPhotoCell.m in Sources */ = {isa = PBXBuildFile; fileRef = 6F6004C4210ED321009C4F03 /* myPhotoCell.m */; };
		6F600509210ED322009C4F03 /* WPhotoViewController.m in Sources */ = {isa = PBXBuildFile; fileRef = 6F6004C5210ED321009C4F03 /* WPhotoViewController.m */; };
		6F60050A210ED322009C4F03 /* NavView.m in Sources */ = {isa = PBXBuildFile; fileRef = 6F6004C6210ED321009C4F03 /* NavView.m */; };
		6F60050B210ED322009C4F03 /* wphoto_select_no@2x.png in Resources */ = {isa = PBXBuildFile; fileRef = 6F6004C8210ED321009C4F03 /* wphoto_select_no@2x.png */; };
		6F60050C210ED322009C4F03 /* wphoto_select_yes@2x.png in Resources */ = {isa = PBXBuildFile; fileRef = 6F6004C9210ED321009C4F03 /* wphoto_select_yes@2x.png */; };
		6F60050D210ED322009C4F03 /* wphoto_back@2x.png in Resources */ = {isa = PBXBuildFile; fileRef = 6F6004CA210ED321009C4F03 /* wphoto_back@2x.png */; };
		6F60050E210ED322009C4F03 /* WPFunctionView.m in Sources */ = {isa = PBXBuildFile; fileRef = 6F6004D1210ED321009C4F03 /* WPFunctionView.m */; };
		6F60050F210ED322009C4F03 /* UIImage+fixOrientation.m in Sources */ = {isa = PBXBuildFile; fileRef = 6F6004D2210ED321009C4F03 /* UIImage+fixOrientation.m */; };
		6F600510210ED322009C4F03 /* LEEAlert.m in Sources */ = {isa = PBXBuildFile; fileRef = 6F6004D5210ED321009C4F03 /* LEEAlert.m */; };
		6F600511210ED322009C4F03 /* XC_LabelHeaderCollectionReusableView.xib in Resources */ = {isa = PBXBuildFile; fileRef = 6F6004DA210ED321009C4F03 /* XC_LabelHeaderCollectionReusableView.xib */; };
		6F600512210ED322009C4F03 /* XC_labelCollectionViewCell.m in Sources */ = {isa = PBXBuildFile; fileRef = 6F6004DB210ED321009C4F03 /* XC_labelCollectionViewCell.m */; };
		6F600513210ED322009C4F03 /* XC_labelCollectionViewCell.xib in Resources */ = {isa = PBXBuildFile; fileRef = 6F6004DC210ED321009C4F03 /* XC_labelCollectionViewCell.xib */; };
		6F600514210ED322009C4F03 /* XC_LabelHeaderCollectionReusableView.m in Sources */ = {isa = PBXBuildFile; fileRef = 6F6004DD210ED321009C4F03 /* XC_LabelHeaderCollectionReusableView.m */; };
		6F600515210ED322009C4F03 /* XC_label.m in Sources */ = {isa = PBXBuildFile; fileRef = 6F6004DF210ED321009C4F03 /* XC_label.m */; };
		6F600516210ED322009C4F03 /* Label_btn.m in Sources */ = {isa = PBXBuildFile; fileRef = 6F6004E0210ED321009C4F03 /* Label_btn.m */; };
		6F600517210ED322009C4F03 /* UIView+XC_Frame.m in Sources */ = {isa = PBXBuildFile; fileRef = 6F6004E2210ED321009C4F03 /* UIView+XC_Frame.m */; };
		6F600518210ED322009C4F03 /* UIButton+CGMCilckBtn.m in Sources */ = {isa = PBXBuildFile; fileRef = 6F6004E6210ED321009C4F03 /* UIButton+CGMCilckBtn.m */; };
		6F600519210ED322009C4F03 /* XC_EqualSpaceCollectionViewFlowLayout.m in Sources */ = {isa = PBXBuildFile; fileRef = 6F6004E7210ED321009C4F03 /* XC_EqualSpaceCollectionViewFlowLayout.m */; };
		6F60051A210ED322009C4F03 /* UNAPIBase.m in Sources */ = {isa = PBXBuildFile; fileRef = 6F6004EB210ED321009C4F03 /* UNAPIBase.m */; };
		6F60051B210ED322009C4F03 /* UNSignTool.m in Sources */ = {isa = PBXBuildFile; fileRef = 6F6004EE210ED321009C4F03 /* UNSignTool.m */; };
		6F60051E210ED5B2009C4F03 /* UNApplicationTool.m in Sources */ = {isa = PBXBuildFile; fileRef = 6F60051D210ED5B2009C4F03 /* UNApplicationTool.m */; };
		6F600533210ED74E009C4F03 /* MJChiBaoZiFooter.m in Sources */ = {isa = PBXBuildFile; fileRef = 6F600520210ED745009C4F03 /* MJChiBaoZiFooter.m */; };
		6F600534210ED74E009C4F03 /* MJChiBaoZiFooter2.m in Sources */ = {isa = PBXBuildFile; fileRef = 6F600521210ED746009C4F03 /* MJChiBaoZiFooter2.m */; };
		6F600535210ED74E009C4F03 /* WDPicturePlayView.m in Sources */ = {isa = PBXBuildFile; fileRef = 6F600523210ED747009C4F03 /* WDPicturePlayView.m */; };
		6F600536210ED74E009C4F03 /* MFTextField.m in Sources */ = {isa = PBXBuildFile; fileRef = 6F600524210ED747009C4F03 /* MFTextField.m */; };
		6F600537210ED74E009C4F03 /* YYCoreData.m in Sources */ = {isa = PBXBuildFile; fileRef = 6F600525210ED748009C4F03 /* YYCoreData.m */; };
		6F600539210ED74E009C4F03 /* NSArray+Ex.m in Sources */ = {isa = PBXBuildFile; fileRef = 6F60052A210ED74A009C4F03 /* NSArray+Ex.m */; };
		6F60053A210ED74E009C4F03 /* PDPickerView.m in Sources */ = {isa = PBXBuildFile; fileRef = 6F60052C210ED74B009C4F03 /* PDPickerView.m */; };
		6F60053B210ED74E009C4F03 /* KeyBorderState.m in Sources */ = {isa = PBXBuildFile; fileRef = 6F60052D210ED74C009C4F03 /* KeyBorderState.m */; };
		6F60053C210ED74E009C4F03 /* WDProgressHUD.m in Sources */ = {isa = PBXBuildFile; fileRef = 6F600532210ED74E009C4F03 /* WDProgressHUD.m */; };
		6F600555210ED7EA009C4F03 /* UNNoDataView.m in Sources */ = {isa = PBXBuildFile; fileRef = 6F60053E210ED7EA009C4F03 /* UNNoDataView.m */; };
		6F600556210ED7EA009C4F03 /* UNWebContentView.m in Sources */ = {isa = PBXBuildFile; fileRef = 6F600540210ED7EA009C4F03 /* UNWebContentView.m */; };
		6F600557210ED7EA009C4F03 /* WJCircleBorderImageVIew.m in Sources */ = {isa = PBXBuildFile; fileRef = 6F600541210ED7EA009C4F03 /* WJCircleBorderImageVIew.m */; };
		6F600558210ED7EA009C4F03 /* WJImageTitleBtn.m in Sources */ = {isa = PBXBuildFile; fileRef = 6F600542210ED7EA009C4F03 /* WJImageTitleBtn.m */; };
		6F60055C210ED7EA009C4F03 /* UNActionSheet.m in Sources */ = {isa = PBXBuildFile; fileRef = 6F60054A210ED7EA009C4F03 /* UNActionSheet.m */; };
		6F60055D210ED7EA009C4F03 /* UNLabelLabelBtn.m in Sources */ = {isa = PBXBuildFile; fileRef = 6F60054D210ED7EA009C4F03 /* UNLabelLabelBtn.m */; };
		6F60055E210ED7EA009C4F03 /* WJErrorWebVIew.m in Sources */ = {isa = PBXBuildFile; fileRef = 6F600551210ED7EA009C4F03 /* WJErrorWebVIew.m */; };
		6F60055F210ED7EA009C4F03 /* TDAlertView.m in Sources */ = {isa = PBXBuildFile; fileRef = 6F600554210ED7EA009C4F03 /* TDAlertView.m */; };
		6F600562210ED992009C4F03 /* UNWebControl.m in Sources */ = {isa = PBXBuildFile; fileRef = 6F600560210ED991009C4F03 /* UNWebControl.m */; };
		6F600568210EE723009C4F03 /* MainAPI.m in Sources */ = {isa = PBXBuildFile; fileRef = 6F600567210EE723009C4F03 /* MainAPI.m */; };
		70628702EF0AD7FE5059497C /* libPods-iOSTool.a in Frameworks */ = {isa = PBXBuildFile; fileRef = 1CAE45FC1D0CD0CE94638868 /* libPods-iOSTool.a */; };
/* End PBXBuildFile section */

/* Begin PBXContainerItemProxy section */
		6F600428210EAD35009C4F03 /* PBXContainerItemProxy */ = {
			isa = PBXContainerItemProxy;
			containerPortal = 6F600407210EAD34009C4F03 /* Project object */;
			proxyType = 1;
			remoteGlobalIDString = 6F60040E210EAD34009C4F03;
			remoteInfo = iOSTool;
		};
		6F600433210EAD35009C4F03 /* PBXContainerItemProxy */ = {
			isa = PBXContainerItemProxy;
			containerPortal = 6F600407210EAD34009C4F03 /* Project object */;
			proxyType = 1;
			remoteGlobalIDString = 6F60040E210EAD34009C4F03;
			remoteInfo = iOSTool;
		};
/* End PBXContainerItemProxy section */

/* Begin PBXFileReference section */
		1CAE45FC1D0CD0CE94638868 /* libPods-iOSTool.a */ = {isa = PBXFileReference; explicitFileType = archive.ar; includeInIndex = 0; path = "libPods-iOSTool.a"; sourceTree = BUILT_PRODUCTS_DIR; };
		6F60040F210EAD34009C4F03 /* iOSTool.app */ = {isa = PBXFileReference; explicitFileType = wrapper.application; includeInIndex = 0; path = iOSTool.app; sourceTree = BUILT_PRODUCTS_DIR; };
		6F600412210EAD34009C4F03 /* AppDelegate.h */ = {isa = PBXFileReference; lastKnownFileType = sourcecode.c.h; path = AppDelegate.h; sourceTree = "<group>"; };
		6F600413210EAD34009C4F03 /* AppDelegate.m */ = {isa = PBXFileReference; lastKnownFileType = sourcecode.c.objc; path = AppDelegate.m; sourceTree = "<group>"; };
		6F600419210EAD34009C4F03 /* Base */ = {isa = PBXFileReference; lastKnownFileType = file.storyboard; name = Base; path = Base.lproj/Main.storyboard; sourceTree = "<group>"; };
		6F60041B210EAD35009C4F03 /* Assets.xcassets */ = {isa = PBXFileReference; lastKnownFileType = folder.assetcatalog; path = Assets.xcassets; sourceTree = "<group>"; };
		6F60041E210EAD35009C4F03 /* Base */ = {isa = PBXFileReference; lastKnownFileType = file.storyboard; name = Base; path = Base.lproj/LaunchScreen.storyboard; sourceTree = "<group>"; };
		6F600420210EAD35009C4F03 /* Info.plist */ = {isa = PBXFileReference; lastKnownFileType = text.plist.xml; path = Info.plist; sourceTree = "<group>"; };
		6F600421210EAD35009C4F03 /* main.m */ = {isa = PBXFileReference; lastKnownFileType = sourcecode.c.objc; path = main.m; sourceTree = "<group>"; };
		6F600427210EAD35009C4F03 /* iOSToolTests.xctest */ = {isa = PBXFileReference; explicitFileType = wrapper.cfbundle; includeInIndex = 0; path = iOSToolTests.xctest; sourceTree = BUILT_PRODUCTS_DIR; };
		6F60042B210EAD35009C4F03 /* iOSToolTests.m */ = {isa = PBXFileReference; lastKnownFileType = sourcecode.c.objc; path = iOSToolTests.m; sourceTree = "<group>"; };
		6F60042D210EAD35009C4F03 /* Info.plist */ = {isa = PBXFileReference; lastKnownFileType = text.plist.xml; path = Info.plist; sourceTree = "<group>"; };
		6F600432210EAD35009C4F03 /* iOSToolUITests.xctest */ = {isa = PBXFileReference; explicitFileType = wrapper.cfbundle; includeInIndex = 0; path = iOSToolUITests.xctest; sourceTree = BUILT_PRODUCTS_DIR; };
		6F600436210EAD35009C4F03 /* iOSToolUITests.m */ = {isa = PBXFileReference; lastKnownFileType = sourcecode.c.objc; path = iOSToolUITests.m; sourceTree = "<group>"; };
		6F600438210EAD35009C4F03 /* Info.plist */ = {isa = PBXFileReference; lastKnownFileType = text.plist.xml; path = Info.plist; sourceTree = "<group>"; };
		6F600444210EADFA009C4F03 /* RootViewController.h */ = {isa = PBXFileReference; lastKnownFileType = sourcecode.c.h; path = RootViewController.h; sourceTree = "<group>"; };
		6F600445210EADFA009C4F03 /* RootViewController.m */ = {isa = PBXFileReference; lastKnownFileType = sourcecode.c.objc; path = RootViewController.m; sourceTree = "<group>"; };
		6F600447210EAE7F009C4F03 /* CustomNavigationController.h */ = {isa = PBXFileReference; lastKnownFileType = sourcecode.c.h; path = CustomNavigationController.h; sourceTree = "<group>"; };
		6F600448210EAE7F009C4F03 /* CustomNavigationController.m */ = {isa = PBXFileReference; lastKnownFileType = sourcecode.c.objc; path = CustomNavigationController.m; sourceTree = "<group>"; };
		6F60044A210EB111009C4F03 /* config.h */ = {isa = PBXFileReference; lastKnownFileType = sourcecode.c.h; path = config.h; sourceTree = "<group>"; };
		6F600452210EB3F1009C4F03 /* en */ = {isa = PBXFileReference; lastKnownFileType = text.plist.strings; name = en; path = en.lproj/Info.strings; sourceTree = "<group>"; };
		6F600454210EB406009C4F03 /* zh-Hans */ = {isa = PBXFileReference; lastKnownFileType = text.plist.strings; name = "zh-Hans"; path = "zh-Hans.lproj/Main.strings"; sourceTree = "<group>"; };
		6F600455210EB406009C4F03 /* zh-Hans */ = {isa = PBXFileReference; lastKnownFileType = text.plist.strings; name = "zh-Hans"; path = "zh-Hans.lproj/LaunchScreen.strings"; sourceTree = "<group>"; };
		6F600456210EB406009C4F03 /* zh-Hans */ = {isa = PBXFileReference; lastKnownFileType = text.plist.strings; name = "zh-Hans"; path = "zh-Hans.lproj/Info.strings"; sourceTree = "<group>"; };
		6F60045C210EB69F009C4F03 /* UIButton+ImagePosition.m */ = {isa = PBXFileReference; fileEncoding = 4; lastKnownFileType = sourcecode.c.objc; path = "UIButton+ImagePosition.m"; sourceTree = "<group>"; };
		6F60045D210EB69F009C4F03 /* UIView+tool.m */ = {isa = PBXFileReference; fileEncoding = 4; lastKnownFileType = sourcecode.c.objc; path = "UIView+tool.m"; sourceTree = "<group>"; };
		6F60045E210EB69F009C4F03 /* UIImage+tool.h */ = {isa = PBXFileReference; fileEncoding = 4; lastKnownFileType = sourcecode.c.h; path = "UIImage+tool.h"; sourceTree = "<group>"; };
		6F60045F210EB69F009C4F03 /* UIBarButtonItem+Extension.h */ = {isa = PBXFileReference; fileEncoding = 4; lastKnownFileType = sourcecode.c.h; path = "UIBarButtonItem+Extension.h"; sourceTree = "<group>"; };
		6F600460210EB69F009C4F03 /* UIView+YNFind.m */ = {isa = PBXFileReference; fileEncoding = 4; lastKnownFileType = sourcecode.c.objc; path = "UIView+YNFind.m"; sourceTree = "<group>"; };
		6F600461210EB69F009C4F03 /* UILabel+YBAttributeTextTapAction.h */ = {isa = PBXFileReference; fileEncoding = 4; lastKnownFileType = sourcecode.c.h; path = "UILabel+YBAttributeTextTapAction.h"; sourceTree = "<group>"; };
		6F600462210EB69F009C4F03 /* UIView+Toast.h */ = {isa = PBXFileReference; fileEncoding = 4; lastKnownFileType = sourcecode.c.h; path = "UIView+Toast.h"; sourceTree = "<group>"; };
		6F600463210EB69F009C4F03 /* UINavigationBar+Awesome.h */ = {isa = PBXFileReference; fileEncoding = 4; lastKnownFileType = sourcecode.c.h; path = "UINavigationBar+Awesome.h"; sourceTree = "<group>"; };
		6F600464210EB69F009C4F03 /* UITextView+WZB.m */ = {isa = PBXFileReference; fileEncoding = 4; lastKnownFileType = sourcecode.c.objc; path = "UITextView+WZB.m"; sourceTree = "<group>"; };
		6F600465210EB69F009C4F03 /* UIButton+ImagePosition.h */ = {isa = PBXFileReference; fileEncoding = 4; lastKnownFileType = sourcecode.c.h; path = "UIButton+ImagePosition.h"; sourceTree = "<group>"; };
		6F600466210EB69F009C4F03 /* UIImage+tool.m */ = {isa = PBXFileReference; fileEncoding = 4; lastKnownFileType = sourcecode.c.objc; path = "UIImage+tool.m"; sourceTree = "<group>"; };
		6F600467210EB69F009C4F03 /* UIView+tool.h */ = {isa = PBXFileReference; fileEncoding = 4; lastKnownFileType = sourcecode.c.h; path = "UIView+tool.h"; sourceTree = "<group>"; };
		6F600468210EB69F009C4F03 /* UILabel+YBAttributeTextTapAction.m */ = {isa = PBXFileReference; fileEncoding = 4; lastKnownFileType = sourcecode.c.objc; path = "UILabel+YBAttributeTextTapAction.m"; sourceTree = "<group>"; };
		6F600469210EB69F009C4F03 /* UIView+YNFind.h */ = {isa = PBXFileReference; fileEncoding = 4; lastKnownFileType = sourcecode.c.h; path = "UIView+YNFind.h"; sourceTree = "<group>"; };
		6F60046A210EB69F009C4F03 /* UIBarButtonItem+Extension.m */ = {isa = PBXFileReference; fileEncoding = 4; lastKnownFileType = sourcecode.c.objc; path = "UIBarButtonItem+Extension.m"; sourceTree = "<group>"; };
		6F60046B210EB69F009C4F03 /* UITextView+WZB.h */ = {isa = PBXFileReference; fileEncoding = 4; lastKnownFileType = sourcecode.c.h; path = "UITextView+WZB.h"; sourceTree = "<group>"; };
		6F60046C210EB69F009C4F03 /* UINavigationBar+Awesome.m */ = {isa = PBXFileReference; fileEncoding = 4; lastKnownFileType = sourcecode.c.objc; path = "UINavigationBar+Awesome.m"; sourceTree = "<group>"; };
		6F60046D210EB69F009C4F03 /* UIView+Toast.m */ = {isa = PBXFileReference; fileEncoding = 4; lastKnownFileType = sourcecode.c.objc; path = "UIView+Toast.m"; sourceTree = "<group>"; };
		6F60046F210EB69F009C4F03 /* NSObject+Runtime.h */ = {isa = PBXFileReference; fileEncoding = 4; lastKnownFileType = sourcecode.c.h; path = "NSObject+Runtime.h"; sourceTree = "<group>"; };
		6F600470210EB69F009C4F03 /* UIColor+Hex.m */ = {isa = PBXFileReference; fileEncoding = 4; lastKnownFileType = sourcecode.c.objc; path = "UIColor+Hex.m"; sourceTree = "<group>"; };
		6F600471210EB69F009C4F03 /* NSString+tool.m */ = {isa = PBXFileReference; fileEncoding = 4; lastKnownFileType = sourcecode.c.objc; path = "NSString+tool.m"; sourceTree = "<group>"; };
		6F600472210EB69F009C4F03 /* UIColor+Hex.h */ = {isa = PBXFileReference; fileEncoding = 4; lastKnownFileType = sourcecode.c.h; path = "UIColor+Hex.h"; sourceTree = "<group>"; };
		6F600473210EB69F009C4F03 /* NSObject+Runtime.m */ = {isa = PBXFileReference; fileEncoding = 4; lastKnownFileType = sourcecode.c.objc; path = "NSObject+Runtime.m"; sourceTree = "<group>"; };
		6F600474210EB69F009C4F03 /* NSString+tool.h */ = {isa = PBXFileReference; fileEncoding = 4; lastKnownFileType = sourcecode.c.h; path = "NSString+tool.h"; sourceTree = "<group>"; };
		6F600481210EC737009C4F03 /* BaseViewController.h */ = {isa = PBXFileReference; lastKnownFileType = sourcecode.c.h; path = BaseViewController.h; sourceTree = "<group>"; };
		6F600482210EC737009C4F03 /* BaseViewController.m */ = {isa = PBXFileReference; lastKnownFileType = sourcecode.c.objc; path = BaseViewController.m; sourceTree = "<group>"; };
		6F600484210EC74E009C4F03 /* FirstPageViewController.h */ = {isa = PBXFileReference; lastKnownFileType = sourcecode.c.h; path = FirstPageViewController.h; sourceTree = "<group>"; };
		6F600485210EC74E009C4F03 /* FirstPageViewController.m */ = {isa = PBXFileReference; lastKnownFileType = sourcecode.c.objc; path = FirstPageViewController.m; sourceTree = "<group>"; };
		6F600487210EC75D009C4F03 /* UserViewController.h */ = {isa = PBXFileReference; lastKnownFileType = sourcecode.c.h; path = UserViewController.h; sourceTree = "<group>"; };
		6F600488210EC75D009C4F03 /* UserViewController.m */ = {isa = PBXFileReference; lastKnownFileType = sourcecode.c.objc; path = UserViewController.m; sourceTree = "<group>"; };
		6F60048A210ED043009C4F03 /* SecViewController.h */ = {isa = PBXFileReference; lastKnownFileType = sourcecode.c.h; path = SecViewController.h; sourceTree = "<group>"; };
		6F60048B210ED043009C4F03 /* SecViewController.m */ = {isa = PBXFileReference; lastKnownFileType = sourcecode.c.objc; path = SecViewController.m; sourceTree = "<group>"; };
		6F60048D210ED320009C4F03 /* TDFileTool.m */ = {isa = PBXFileReference; fileEncoding = 4; lastKnownFileType = sourcecode.c.objc; path = TDFileTool.m; sourceTree = "<group>"; };
		6F600490210ED321009C4F03 /* YZDisplayTitleLabel.m */ = {isa = PBXFileReference; fileEncoding = 4; lastKnownFileType = sourcecode.c.objc; path = YZDisplayTitleLabel.m; sourceTree = "<group>"; };
		6F600491210ED321009C4F03 /* YZDisplayViewHeader.h */ = {isa = PBXFileReference; fileEncoding = 4; lastKnownFileType = sourcecode.c.h; path = YZDisplayViewHeader.h; sourceTree = "<group>"; };
		6F600492210ED321009C4F03 /* YZFlowLayout.m */ = {isa = PBXFileReference; fileEncoding = 4; lastKnownFileType = sourcecode.c.objc; path = YZFlowLayout.m; sourceTree = "<group>"; };
		6F600493210ED321009C4F03 /* UIView+Frame.m */ = {isa = PBXFileReference; fileEncoding = 4; lastKnownFileType = sourcecode.c.objc; path = "UIView+Frame.m"; sourceTree = "<group>"; };
		6F600494210ED321009C4F03 /* YZDisplayViewController.h */ = {isa = PBXFileReference; fileEncoding = 4; lastKnownFileType = sourcecode.c.h; path = YZDisplayViewController.h; sourceTree = "<group>"; };
		6F600495210ED321009C4F03 /* YZDisplayTitleLabel.h */ = {isa = PBXFileReference; fileEncoding = 4; lastKnownFileType = sourcecode.c.h; path = YZDisplayTitleLabel.h; sourceTree = "<group>"; };
		6F600496210ED321009C4F03 /* YZFlowLayout.h */ = {isa = PBXFileReference; fileEncoding = 4; lastKnownFileType = sourcecode.c.h; path = YZFlowLayout.h; sourceTree = "<group>"; };
		6F600497210ED321009C4F03 /* YZDisplayViewController.m */ = {isa = PBXFileReference; fileEncoding = 4; lastKnownFileType = sourcecode.c.objc; path = YZDisplayViewController.m; sourceTree = "<group>"; };
		6F600498210ED321009C4F03 /* UIView+Frame.h */ = {isa = PBXFileReference; fileEncoding = 4; lastKnownFileType = sourcecode.c.h; path = "UIView+Frame.h"; sourceTree = "<group>"; };
		6F60049A210ED321009C4F03 /* UITabBarItem+DKSBadge.h */ = {isa = PBXFileReference; fileEncoding = 4; lastKnownFileType = sourcecode.c.h; path = "UITabBarItem+DKSBadge.h"; sourceTree = "<group>"; };
		6F60049B210ED321009C4F03 /* UITabBar+DKSTabBar.h */ = {isa = PBXFileReference; fileEncoding = 4; lastKnownFileType = sourcecode.c.h; path = "UITabBar+DKSTabBar.h"; sourceTree = "<group>"; };
		6F60049C210ED321009C4F03 /* UIView+DKSBadge.h */ = {isa = PBXFileReference; fileEncoding = 4; lastKnownFileType = sourcecode.c.h; path = "UIView+DKSBadge.h"; sourceTree = "<group>"; };
		6F60049D210ED321009C4F03 /* UITabBarItem+DKSBadge.m */ = {isa = PBXFileReference; fileEncoding = 4; lastKnownFileType = sourcecode.c.objc; path = "UITabBarItem+DKSBadge.m"; sourceTree = "<group>"; };
		6F60049E210ED321009C4F03 /* UITabBar+DKSTabBar.m */ = {isa = PBXFileReference; fileEncoding = 4; lastKnownFileType = sourcecode.c.objc; path = "UITabBar+DKSTabBar.m"; sourceTree = "<group>"; };
		6F60049F210ED321009C4F03 /* UIView+DKSBadge.m */ = {isa = PBXFileReference; fileEncoding = 4; lastKnownFileType = sourcecode.c.objc; path = "UIView+DKSBadge.m"; sourceTree = "<group>"; };
		6F6004A1210ED321009C4F03 /* SDPhotoBrowserConfig.h */ = {isa = PBXFileReference; fileEncoding = 4; lastKnownFileType = sourcecode.c.h; path = SDPhotoBrowserConfig.h; sourceTree = "<group>"; };
		6F6004A2210ED321009C4F03 /* SDPhotoBrowser.m */ = {isa = PBXFileReference; fileEncoding = 4; lastKnownFileType = sourcecode.c.objc; path = SDPhotoBrowser.m; sourceTree = "<group>"; };
		6F6004A3210ED321009C4F03 /* SDWaitingView.m */ = {isa = PBXFileReference; fileEncoding = 4; lastKnownFileType = sourcecode.c.objc; path = SDWaitingView.m; sourceTree = "<group>"; };
		6F6004A4210ED321009C4F03 /* SDBrowserImageView.m */ = {isa = PBXFileReference; fileEncoding = 4; lastKnownFileType = sourcecode.c.objc; path = SDBrowserImageView.m; sourceTree = "<group>"; };
		6F6004A5210ED321009C4F03 /* SDWaitingView.h */ = {isa = PBXFileReference; fileEncoding = 4; lastKnownFileType = sourcecode.c.h; path = SDWaitingView.h; sourceTree = "<group>"; };
		6F6004A6210ED321009C4F03 /* SDPhotoBrowser.h */ = {isa = PBXFileReference; fileEncoding = 4; lastKnownFileType = sourcecode.c.h; path = SDPhotoBrowser.h; sourceTree = "<group>"; };
		6F6004A7210ED321009C4F03 /* SDBrowserImageView.h */ = {isa = PBXFileReference; fileEncoding = 4; lastKnownFileType = sourcecode.c.h; path = SDBrowserImageView.h; sourceTree = "<group>"; };
		6F6004A9210ED321009C4F03 /* UILabel+SizeToFit.h */ = {isa = PBXFileReference; fileEncoding = 4; lastKnownFileType = sourcecode.c.h; path = "UILabel+SizeToFit.h"; sourceTree = "<group>"; };
		6F6004AA210ED321009C4F03 /* JYLabelsSelect.h */ = {isa = PBXFileReference; fileEncoding = 4; lastKnownFileType = sourcecode.c.h; path = JYLabelsSelect.h; sourceTree = "<group>"; };
		6F6004AB210ED321009C4F03 /* JYLabelsSelect.m */ = {isa = PBXFileReference; fileEncoding = 4; lastKnownFileType = sourcecode.c.objc; path = JYLabelsSelect.m; sourceTree = "<group>"; };
		6F6004AC210ED321009C4F03 /* UILabel+SizeToFit.m */ = {isa = PBXFileReference; fileEncoding = 4; lastKnownFileType = sourcecode.c.objc; path = "UILabel+SizeToFit.m"; sourceTree = "<group>"; };
		6F6004AE210ED321009C4F03 /* backItemImage_hl@2x.png */ = {isa = PBXFileReference; lastKnownFileType = image.png; path = "backItemImage_hl@2x.png"; sourceTree = "<group>"; };
		6F6004AF210ED321009C4F03 /* backItemImage@2x.png */ = {isa = PBXFileReference; lastKnownFileType = image.png; path = "backItemImage@2x.png"; sourceTree = "<group>"; };
		6F6004B0210ED321009C4F03 /* WKWebViewController.m */ = {isa = PBXFileReference; fileEncoding = 4; lastKnownFileType = sourcecode.c.objc; path = WKWebViewController.m; sourceTree = "<group>"; };
		6F6004B1210ED321009C4F03 /* WKJSPOST.html */ = {isa = PBXFileReference; fileEncoding = 4; lastKnownFileType = text.html; path = WKJSPOST.html; sourceTree = "<group>"; };
		6F6004B2210ED321009C4F03 /* WKWebViewController.h */ = {isa = PBXFileReference; fileEncoding = 4; lastKnownFileType = sourcecode.c.h; path = WKWebViewController.h; sourceTree = "<group>"; };
		6F6004B4210ED321009C4F03 /* CustomSegmentControl.h */ = {isa = PBXFileReference; fileEncoding = 4; lastKnownFileType = sourcecode.c.h; path = CustomSegmentControl.h; sourceTree = "<group>"; };
		6F6004B5210ED321009C4F03 /* SwipeTableView.m */ = {isa = PBXFileReference; fileEncoding = 4; lastKnownFileType = sourcecode.c.objc; path = SwipeTableView.m; sourceTree = "<group>"; };
		6F6004B6210ED321009C4F03 /* STHeaderView.h */ = {isa = PBXFileReference; fileEncoding = 4; lastKnownFileType = sourcecode.c.h; path = STHeaderView.h; sourceTree = "<group>"; };
		6F6004B7210ED321009C4F03 /* STCollectionView.h */ = {isa = PBXFileReference; fileEncoding = 4; lastKnownFileType = sourcecode.c.h; path = STCollectionView.h; sourceTree = "<group>"; };
		6F6004B8210ED321009C4F03 /* UIView+STFrame.m */ = {isa = PBXFileReference; fileEncoding = 4; lastKnownFileType = sourcecode.c.objc; path = "UIView+STFrame.m"; sourceTree = "<group>"; };
		6F6004B9210ED321009C4F03 /* CustomSegmentControl.m */ = {isa = PBXFileReference; fileEncoding = 4; lastKnownFileType = sourcecode.c.objc; path = CustomSegmentControl.m; sourceTree = "<group>"; };
		6F6004BA210ED321009C4F03 /* STCollectionView.m */ = {isa = PBXFileReference; fileEncoding = 4; lastKnownFileType = sourcecode.c.objc; path = STCollectionView.m; sourceTree = "<group>"; };
		6F6004BB210ED321009C4F03 /* STHeaderView.m */ = {isa = PBXFileReference; fileEncoding = 4; lastKnownFileType = sourcecode.c.objc; path = STHeaderView.m; sourceTree = "<group>"; };
		6F6004BC210ED321009C4F03 /* SwipeTableView.h */ = {isa = PBXFileReference; fileEncoding = 4; lastKnownFileType = sourcecode.c.h; path = SwipeTableView.h; sourceTree = "<group>"; };
		6F6004BD210ED321009C4F03 /* UIView+STFrame.h */ = {isa = PBXFileReference; fileEncoding = 4; lastKnownFileType = sourcecode.c.h; path = "UIView+STFrame.h"; sourceTree = "<group>"; };
		6F6004BF210ED321009C4F03 /* XJAlbum.m */ = {isa = PBXFileReference; fileEncoding = 4; lastKnownFileType = sourcecode.c.objc; path = XJAlbum.m; sourceTree = "<group>"; };
		6F6004C0210ED321009C4F03 /* XJImage.m */ = {isa = PBXFileReference; fileEncoding = 4; lastKnownFileType = sourcecode.c.objc; path = XJImage.m; sourceTree = "<group>"; };
		6F6004C1210ED321009C4F03 /* XJAlbum.h */ = {isa = PBXFileReference; fileEncoding = 4; lastKnownFileType = sourcecode.c.h; path = XJAlbum.h; sourceTree = "<group>"; };
		6F6004C2210ED321009C4F03 /* XJImage.h */ = {isa = PBXFileReference; fileEncoding = 4; lastKnownFileType = sourcecode.c.h; path = XJImage.h; sourceTree = "<group>"; };
		6F6004C4210ED321009C4F03 /* myPhotoCell.m */ = {isa = PBXFileReference; fileEncoding = 4; lastKnownFileType = sourcecode.c.objc; path = myPhotoCell.m; sourceTree = "<group>"; };
		6F6004C5210ED321009C4F03 /* WPhotoViewController.m */ = {isa = PBXFileReference; fileEncoding = 4; lastKnownFileType = sourcecode.c.objc; path = WPhotoViewController.m; sourceTree = "<group>"; };
		6F6004C6210ED321009C4F03 /* NavView.m */ = {isa = PBXFileReference; fileEncoding = 4; lastKnownFileType = sourcecode.c.objc; path = NavView.m; sourceTree = "<group>"; };
		6F6004C8210ED321009C4F03 /* wphoto_select_no@2x.png */ = {isa = PBXFileReference; lastKnownFileType = image.png; path = "wphoto_select_no@2x.png"; sourceTree = "<group>"; };
		6F6004C9210ED321009C4F03 /* wphoto_select_yes@2x.png */ = {isa = PBXFileReference; lastKnownFileType = image.png; path = "wphoto_select_yes@2x.png"; sourceTree = "<group>"; };
		6F6004CA210ED321009C4F03 /* wphoto_back@2x.png */ = {isa = PBXFileReference; lastKnownFileType = image.png; path = "wphoto_back@2x.png"; sourceTree = "<group>"; };
		6F6004CB210ED321009C4F03 /* WPFunctionView.h */ = {isa = PBXFileReference; fileEncoding = 4; lastKnownFileType = sourcecode.c.h; path = WPFunctionView.h; sourceTree = "<group>"; };
		6F6004CC210ED321009C4F03 /* UIImage+fixOrientation.h */ = {isa = PBXFileReference; fileEncoding = 4; lastKnownFileType = sourcecode.c.h; path = "UIImage+fixOrientation.h"; sourceTree = "<group>"; };
		6F6004CD210ED321009C4F03 /* myPhotoCell.h */ = {isa = PBXFileReference; fileEncoding = 4; lastKnownFileType = sourcecode.c.h; path = myPhotoCell.h; sourceTree = "<group>"; };
		6F6004CE210ED321009C4F03 /* WPMacros.h */ = {isa = PBXFileReference; fileEncoding = 4; lastKnownFileType = sourcecode.c.h; path = WPMacros.h; sourceTree = "<group>"; };
		6F6004CF210ED321009C4F03 /* NavView.h */ = {isa = PBXFileReference; fileEncoding = 4; lastKnownFileType = sourcecode.c.h; path = NavView.h; sourceTree = "<group>"; };
		6F6004D0210ED321009C4F03 /* WPhotoViewController.h */ = {isa = PBXFileReference; fileEncoding = 4; lastKnownFileType = sourcecode.c.h; path = WPhotoViewController.h; sourceTree = "<group>"; };
		6F6004D1210ED321009C4F03 /* WPFunctionView.m */ = {isa = PBXFileReference; fileEncoding = 4; lastKnownFileType = sourcecode.c.objc; path = WPFunctionView.m; sourceTree = "<group>"; };
		6F6004D2210ED321009C4F03 /* UIImage+fixOrientation.m */ = {isa = PBXFileReference; fileEncoding = 4; lastKnownFileType = sourcecode.c.objc; path = "UIImage+fixOrientation.m"; sourceTree = "<group>"; };
		6F6004D4210ED321009C4F03 /* LEEAlertHelper.h */ = {isa = PBXFileReference; fileEncoding = 4; lastKnownFileType = sourcecode.c.h; path = LEEAlertHelper.h; sourceTree = "<group>"; };
		6F6004D5210ED321009C4F03 /* LEEAlert.m */ = {isa = PBXFileReference; fileEncoding = 4; lastKnownFileType = sourcecode.c.objc; path = LEEAlert.m; sourceTree = "<group>"; };
		6F6004D6210ED321009C4F03 /* LEEAlert.h */ = {isa = PBXFileReference; fileEncoding = 4; lastKnownFileType = sourcecode.c.h; path = LEEAlert.h; sourceTree = "<group>"; };
		6F6004D9210ED321009C4F03 /* XC_LabelHeaderCollectionReusableView.h */ = {isa = PBXFileReference; fileEncoding = 4; lastKnownFileType = sourcecode.c.h; path = XC_LabelHeaderCollectionReusableView.h; sourceTree = "<group>"; };
		6F6004DA210ED321009C4F03 /* XC_LabelHeaderCollectionReusableView.xib */ = {isa = PBXFileReference; fileEncoding = 4; lastKnownFileType = file.xib; path = XC_LabelHeaderCollectionReusableView.xib; sourceTree = "<group>"; };
		6F6004DB210ED321009C4F03 /* XC_labelCollectionViewCell.m */ = {isa = PBXFileReference; fileEncoding = 4; lastKnownFileType = sourcecode.c.objc; path = XC_labelCollectionViewCell.m; sourceTree = "<group>"; };
		6F6004DC210ED321009C4F03 /* XC_labelCollectionViewCell.xib */ = {isa = PBXFileReference; fileEncoding = 4; lastKnownFileType = file.xib; path = XC_labelCollectionViewCell.xib; sourceTree = "<group>"; };
		6F6004DD210ED321009C4F03 /* XC_LabelHeaderCollectionReusableView.m */ = {isa = PBXFileReference; fileEncoding = 4; lastKnownFileType = sourcecode.c.objc; path = XC_LabelHeaderCollectionReusableView.m; sourceTree = "<group>"; };
		6F6004DE210ED321009C4F03 /* XC_labelCollectionViewCell.h */ = {isa = PBXFileReference; fileEncoding = 4; lastKnownFileType = sourcecode.c.h; path = XC_labelCollectionViewCell.h; sourceTree = "<group>"; };
		6F6004DF210ED321009C4F03 /* XC_label.m */ = {isa = PBXFileReference; fileEncoding = 4; lastKnownFileType = sourcecode.c.objc; path = XC_label.m; sourceTree = "<group>"; };
		6F6004E0210ED321009C4F03 /* Label_btn.m */ = {isa = PBXFileReference; fileEncoding = 4; lastKnownFileType = sourcecode.c.objc; path = Label_btn.m; sourceTree = "<group>"; };
		6F6004E2210ED321009C4F03 /* UIView+XC_Frame.m */ = {isa = PBXFileReference; fileEncoding = 4; lastKnownFileType = sourcecode.c.objc; path = "UIView+XC_Frame.m"; sourceTree = "<group>"; };
		6F6004E3210ED321009C4F03 /* UIButton+CGMCilckBtn.h */ = {isa = PBXFileReference; fileEncoding = 4; lastKnownFileType = sourcecode.c.h; path = "UIButton+CGMCilckBtn.h"; sourceTree = "<group>"; };
		6F6004E4210ED321009C4F03 /* XC_EqualSpaceCollectionViewFlowLayout.h */ = {isa = PBXFileReference; fileEncoding = 4; lastKnownFileType = sourcecode.c.h; path = XC_EqualSpaceCollectionViewFlowLayout.h; sourceTree = "<group>"; };
		6F6004E5210ED321009C4F03 /* UIView+XC_Frame.h */ = {isa = PBXFileReference; fileEncoding = 4; lastKnownFileType = sourcecode.c.h; path = "UIView+XC_Frame.h"; sourceTree = "<group>"; };
		6F6004E6210ED321009C4F03 /* UIButton+CGMCilckBtn.m */ = {isa = PBXFileReference; fileEncoding = 4; lastKnownFileType = sourcecode.c.objc; path = "UIButton+CGMCilckBtn.m"; sourceTree = "<group>"; };
		6F6004E7210ED321009C4F03 /* XC_EqualSpaceCollectionViewFlowLayout.m */ = {isa = PBXFileReference; fileEncoding = 4; lastKnownFileType = sourcecode.c.objc; path = XC_EqualSpaceCollectionViewFlowLayout.m; sourceTree = "<group>"; };
		6F6004E8210ED321009C4F03 /* XC_label.h */ = {isa = PBXFileReference; fileEncoding = 4; lastKnownFileType = sourcecode.c.h; path = XC_label.h; sourceTree = "<group>"; };
		6F6004E9210ED321009C4F03 /* Label_btn.h */ = {isa = PBXFileReference; fileEncoding = 4; lastKnownFileType = sourcecode.c.h; path = Label_btn.h; sourceTree = "<group>"; };
		6F6004EB210ED321009C4F03 /* UNAPIBase.m */ = {isa = PBXFileReference; fileEncoding = 4; lastKnownFileType = sourcecode.c.objc; path = UNAPIBase.m; sourceTree = "<group>"; };
		6F6004EC210ED321009C4F03 /* UNSignTool.h */ = {isa = PBXFileReference; fileEncoding = 4; lastKnownFileType = sourcecode.c.h; path = UNSignTool.h; sourceTree = "<group>"; };
		6F6004ED210ED321009C4F03 /* UNAPIBase.h */ = {isa = PBXFileReference; fileEncoding = 4; lastKnownFileType = sourcecode.c.h; path = UNAPIBase.h; sourceTree = "<group>"; };
		6F6004EE210ED321009C4F03 /* UNSignTool.m */ = {isa = PBXFileReference; fileEncoding = 4; lastKnownFileType = sourcecode.c.objc; path = UNSignTool.m; sourceTree = "<group>"; };
		6F6004EF210ED322009C4F03 /* TDFileTool.h */ = {isa = PBXFileReference; fileEncoding = 4; lastKnownFileType = sourcecode.c.h; path = TDFileTool.h; sourceTree = "<group>"; };
		6F60051C210ED5B1009C4F03 /* UNApplicationTool.h */ = {isa = PBXFileReference; fileEncoding = 4; lastKnownFileType = sourcecode.c.h; path = UNApplicationTool.h; sourceTree = "<group>"; };
		6F60051D210ED5B2009C4F03 /* UNApplicationTool.m */ = {isa = PBXFileReference; fileEncoding = 4; lastKnownFileType = sourcecode.c.objc; path = UNApplicationTool.m; sourceTree = "<group>"; };
		6F60051F210ED745009C4F03 /* MJChiBaoZiFooter.h */ = {isa = PBXFileReference; fileEncoding = 4; lastKnownFileType = sourcecode.c.h; path = MJChiBaoZiFooter.h; sourceTree = "<group>"; };
		6F600520210ED745009C4F03 /* MJChiBaoZiFooter.m */ = {isa = PBXFileReference; fileEncoding = 4; lastKnownFileType = sourcecode.c.objc; path = MJChiBaoZiFooter.m; sourceTree = "<group>"; };
		6F600521210ED746009C4F03 /* MJChiBaoZiFooter2.m */ = {isa = PBXFileReference; fileEncoding = 4; lastKnownFileType = sourcecode.c.objc; path = MJChiBaoZiFooter2.m; sourceTree = "<group>"; };
		6F600522210ED746009C4F03 /* KeyBorderState.h */ = {isa = PBXFileReference; fileEncoding = 4; lastKnownFileType = sourcecode.c.h; path = KeyBorderState.h; sourceTree = "<group>"; };
		6F600523210ED747009C4F03 /* WDPicturePlayView.m */ = {isa = PBXFileReference; fileEncoding = 4; lastKnownFileType = sourcecode.c.objc; path = WDPicturePlayView.m; sourceTree = "<group>"; };
		6F600524210ED747009C4F03 /* MFTextField.m */ = {isa = PBXFileReference; fileEncoding = 4; lastKnownFileType = sourcecode.c.objc; path = MFTextField.m; sourceTree = "<group>"; };
		6F600525210ED748009C4F03 /* YYCoreData.m */ = {isa = PBXFileReference; fileEncoding = 4; lastKnownFileType = sourcecode.c.objc; path = YYCoreData.m; sourceTree = "<group>"; };
		6F600526210ED748009C4F03 /* WDProgressHUD.h */ = {isa = PBXFileReference; fileEncoding = 4; lastKnownFileType = sourcecode.c.h; path = WDProgressHUD.h; sourceTree = "<group>"; };
		6F600528210ED749009C4F03 /* NSArray+Ex.h */ = {isa = PBXFileReference; fileEncoding = 4; lastKnownFileType = sourcecode.c.h; path = "NSArray+Ex.h"; sourceTree = "<group>"; };
		6F60052A210ED74A009C4F03 /* NSArray+Ex.m */ = {isa = PBXFileReference; fileEncoding = 4; lastKnownFileType = sourcecode.c.objc; path = "NSArray+Ex.m"; sourceTree = "<group>"; };
		6F60052B210ED74B009C4F03 /* YYCoreData.h */ = {isa = PBXFileReference; fileEncoding = 4; lastKnownFileType = sourcecode.c.h; path = YYCoreData.h; sourceTree = "<group>"; };
		6F60052C210ED74B009C4F03 /* PDPickerView.m */ = {isa = PBXFileReference; fileEncoding = 4; lastKnownFileType = sourcecode.c.objc; path = PDPickerView.m; sourceTree = "<group>"; };
		6F60052D210ED74C009C4F03 /* KeyBorderState.m */ = {isa = PBXFileReference; fileEncoding = 4; lastKnownFileType = sourcecode.c.objc; path = KeyBorderState.m; sourceTree = "<group>"; };
		6F60052E210ED74C009C4F03 /* MFTextField.h */ = {isa = PBXFileReference; fileEncoding = 4; lastKnownFileType = sourcecode.c.h; path = MFTextField.h; sourceTree = "<group>"; };
		6F60052F210ED74D009C4F03 /* PDPickerView.h */ = {isa = PBXFileReference; fileEncoding = 4; lastKnownFileType = sourcecode.c.h; path = PDPickerView.h; sourceTree = "<group>"; };
		6F600530210ED74D009C4F03 /* WDPicturePlayView.h */ = {isa = PBXFileReference; fileEncoding = 4; lastKnownFileType = sourcecode.c.h; path = WDPicturePlayView.h; sourceTree = "<group>"; };
		6F600531210ED74E009C4F03 /* MJChiBaoZiFooter2.h */ = {isa = PBXFileReference; fileEncoding = 4; lastKnownFileType = sourcecode.c.h; path = MJChiBaoZiFooter2.h; sourceTree = "<group>"; };
		6F600532210ED74E009C4F03 /* WDProgressHUD.m */ = {isa = PBXFileReference; fileEncoding = 4; lastKnownFileType = sourcecode.c.objc; path = WDProgressHUD.m; sourceTree = "<group>"; };
		6F60053E210ED7EA009C4F03 /* UNNoDataView.m */ = {isa = PBXFileReference; fileEncoding = 4; lastKnownFileType = sourcecode.c.objc; path = UNNoDataView.m; sourceTree = "<group>"; };
		6F60053F210ED7EA009C4F03 /* UNLabelLabelBtn.h */ = {isa = PBXFileReference; fileEncoding = 4; lastKnownFileType = sourcecode.c.h; path = UNLabelLabelBtn.h; sourceTree = "<group>"; };
		6F600540210ED7EA009C4F03 /* UNWebContentView.m */ = {isa = PBXFileReference; fileEncoding = 4; lastKnownFileType = sourcecode.c.objc; path = UNWebContentView.m; sourceTree = "<group>"; };
		6F600541210ED7EA009C4F03 /* WJCircleBorderImageVIew.m */ = {isa = PBXFileReference; fileEncoding = 4; lastKnownFileType = sourcecode.c.objc; path = WJCircleBorderImageVIew.m; sourceTree = "<group>"; };
		6F600542210ED7EA009C4F03 /* WJImageTitleBtn.m */ = {isa = PBXFileReference; fileEncoding = 4; lastKnownFileType = sourcecode.c.objc; path = WJImageTitleBtn.m; sourceTree = "<group>"; };
		6F60054A210ED7EA009C4F03 /* UNActionSheet.m */ = {isa = PBXFileReference; fileEncoding = 4; lastKnownFileType = sourcecode.c.objc; path = UNActionSheet.m; sourceTree = "<group>"; };
		6F60054B210ED7EA009C4F03 /* WJErrorWebVIew.h */ = {isa = PBXFileReference; fileEncoding = 4; lastKnownFileType = sourcecode.c.h; path = WJErrorWebVIew.h; sourceTree = "<group>"; };
		6F60054C210ED7EA009C4F03 /* TDAlertView.h */ = {isa = PBXFileReference; fileEncoding = 4; lastKnownFileType = sourcecode.c.h; path = TDAlertView.h; sourceTree = "<group>"; };
		6F60054D210ED7EA009C4F03 /* UNLabelLabelBtn.m */ = {isa = PBXFileReference; fileEncoding = 4; lastKnownFileType = sourcecode.c.objc; path = UNLabelLabelBtn.m; sourceTree = "<group>"; };
		6F60054E210ED7EA009C4F03 /* UNNoDataView.h */ = {isa = PBXFileReference; fileEncoding = 4; lastKnownFileType = sourcecode.c.h; path = UNNoDataView.h; sourceTree = "<group>"; };
		6F60054F210ED7EA009C4F03 /* WJCircleBorderImageVIew.h */ = {isa = PBXFileReference; fileEncoding = 4; lastKnownFileType = sourcecode.c.h; path = WJCircleBorderImageVIew.h; sourceTree = "<group>"; };
		6F600550210ED7EA009C4F03 /* UNWebContentView.h */ = {isa = PBXFileReference; fileEncoding = 4; lastKnownFileType = sourcecode.c.h; path = UNWebContentView.h; sourceTree = "<group>"; };
		6F600551210ED7EA009C4F03 /* WJErrorWebVIew.m */ = {isa = PBXFileReference; fileEncoding = 4; lastKnownFileType = sourcecode.c.objc; path = WJErrorWebVIew.m; sourceTree = "<group>"; };
		6F600552210ED7EA009C4F03 /* UNActionSheet.h */ = {isa = PBXFileReference; fileEncoding = 4; lastKnownFileType = sourcecode.c.h; path = UNActionSheet.h; sourceTree = "<group>"; };
		6F600553210ED7EA009C4F03 /* WJImageTitleBtn.h */ = {isa = PBXFileReference; fileEncoding = 4; lastKnownFileType = sourcecode.c.h; path = WJImageTitleBtn.h; sourceTree = "<group>"; };
		6F600554210ED7EA009C4F03 /* TDAlertView.m */ = {isa = PBXFileReference; fileEncoding = 4; lastKnownFileType = sourcecode.c.objc; path = TDAlertView.m; sourceTree = "<group>"; };
		6F600560210ED991009C4F03 /* UNWebControl.m */ = {isa = PBXFileReference; fileEncoding = 4; lastKnownFileType = sourcecode.c.objc; path = UNWebControl.m; sourceTree = "<group>"; };
		6F600561210ED992009C4F03 /* UNWebControl.h */ = {isa = PBXFileReference; fileEncoding = 4; lastKnownFileType = sourcecode.c.h; path = UNWebControl.h; sourceTree = "<group>"; };
		6F600566210EE723009C4F03 /* MainAPI.h */ = {isa = PBXFileReference; lastKnownFileType = sourcecode.c.h; path = MainAPI.h; sourceTree = "<group>"; };
		6F600567210EE723009C4F03 /* MainAPI.m */ = {isa = PBXFileReference; lastKnownFileType = sourcecode.c.objc; path = MainAPI.m; sourceTree = "<group>"; };
		A0358831D8C0699043F67F0E /* Pods-iOSTool.debug.xcconfig */ = {isa = PBXFileReference; includeInIndex = 1; lastKnownFileType = text.xcconfig; name = "Pods-iOSTool.debug.xcconfig"; path = "Pods/Target Support Files/Pods-iOSTool/Pods-iOSTool.debug.xcconfig"; sourceTree = "<group>"; };
		EA96A9EF60C4CF668EAB7A86 /* Pods-iOSTool.release.xcconfig */ = {isa = PBXFileReference; includeInIndex = 1; lastKnownFileType = text.xcconfig; name = "Pods-iOSTool.release.xcconfig"; path = "Pods/Target Support Files/Pods-iOSTool/Pods-iOSTool.release.xcconfig"; sourceTree = "<group>"; };
/* End PBXFileReference section */

/* Begin PBXFrameworksBuildPhase section */
		6F60040C210EAD34009C4F03 /* Frameworks */ = {
			isa = PBXFrameworksBuildPhase;
			buildActionMask = 2147483647;
			files = (
				70628702EF0AD7FE5059497C /* libPods-iOSTool.a in Frameworks */,
			);
			runOnlyForDeploymentPostprocessing = 0;
		};
		6F600424210EAD35009C4F03 /* Frameworks */ = {
			isa = PBXFrameworksBuildPhase;
			buildActionMask = 2147483647;
			files = (
			);
			runOnlyForDeploymentPostprocessing = 0;
		};
		6F60042F210EAD35009C4F03 /* Frameworks */ = {
			isa = PBXFrameworksBuildPhase;
			buildActionMask = 2147483647;
			files = (
			);
			runOnlyForDeploymentPostprocessing = 0;
		};
/* End PBXFrameworksBuildPhase section */

/* Begin PBXGroup section */
		01569B5A08846860F2915E88 /* Pods */ = {
			isa = PBXGroup;
			children = (
				A0358831D8C0699043F67F0E /* Pods-iOSTool.debug.xcconfig */,
				EA96A9EF60C4CF668EAB7A86 /* Pods-iOSTool.release.xcconfig */,
			);
			name = Pods;
			sourceTree = "<group>";
		};
		6F600406210EAD34009C4F03 = {
			isa = PBXGroup;
			children = (
				6F600411210EAD34009C4F03 /* iOSTool */,
				6F60042A210EAD35009C4F03 /* iOSToolTests */,
				6F600435210EAD35009C4F03 /* iOSToolUITests */,
				6F600410210EAD34009C4F03 /* Products */,
				01569B5A08846860F2915E88 /* Pods */,
				DF6F3E958D9DBE09E212F070 /* Frameworks */,
			);
			sourceTree = "<group>";
		};
		6F600410210EAD34009C4F03 /* Products */ = {
			isa = PBXGroup;
			children = (
				6F60040F210EAD34009C4F03 /* iOSTool.app */,
				6F600427210EAD35009C4F03 /* iOSToolTests.xctest */,
				6F600432210EAD35009C4F03 /* iOSToolUITests.xctest */,
			);
			name = Products;
			sourceTree = "<group>";
		};
		6F600411210EAD34009C4F03 /* iOSTool */ = {
			isa = PBXGroup;
			children = (
				6F60044E210EB15B009C4F03 /* tool */,
				6F60044D210EB14D009C4F03 /* data */,
				6F60044C210EB147009C4F03 /* ui */,
				6F60044B210EB13C009C4F03 /* config */,
				6F600412210EAD34009C4F03 /* AppDelegate.h */,
				6F600413210EAD34009C4F03 /* AppDelegate.m */,
				6F600418210EAD34009C4F03 /* Main.storyboard */,
				6F60041B210EAD35009C4F03 /* Assets.xcassets */,
				6F60041D210EAD35009C4F03 /* LaunchScreen.storyboard */,
				6F600420210EAD35009C4F03 /* Info.plist */,
				6F600421210EAD35009C4F03 /* main.m */,
				6F600453210EB3F1009C4F03 /* Info.strings */,
			);
			path = iOSTool;
			sourceTree = "<group>";
		};
		6F60042A210EAD35009C4F03 /* iOSToolTests */ = {
			isa = PBXGroup;
			children = (
				6F60042B210EAD35009C4F03 /* iOSToolTests.m */,
				6F60042D210EAD35009C4F03 /* Info.plist */,
			);
			path = iOSToolTests;
			sourceTree = "<group>";
		};
		6F600435210EAD35009C4F03 /* iOSToolUITests */ = {
			isa = PBXGroup;
			children = (
				6F600436210EAD35009C4F03 /* iOSToolUITests.m */,
				6F600438210EAD35009C4F03 /* Info.plist */,
			);
			path = iOSToolUITests;
			sourceTree = "<group>";
		};
		6F60044B210EB13C009C4F03 /* config */ = {
			isa = PBXGroup;
			children = (
				6F60044A210EB111009C4F03 /* config.h */,
			);
			path = config;
			sourceTree = "<group>";
		};
		6F60044C210EB147009C4F03 /* ui */ = {
			isa = PBXGroup;
			children = (
				6F600444210EADFA009C4F03 /* RootViewController.h */,
				6F600445210EADFA009C4F03 /* RootViewController.m */,
				6F600447210EAE7F009C4F03 /* CustomNavigationController.h */,
				6F600448210EAE7F009C4F03 /* CustomNavigationController.m */,
				6F600481210EC737009C4F03 /* BaseViewController.h */,
				6F600482210EC737009C4F03 /* BaseViewController.m */,
				6F600484210EC74E009C4F03 /* FirstPageViewController.h */,
				6F600485210EC74E009C4F03 /* FirstPageViewController.m */,
				6F600487210EC75D009C4F03 /* UserViewController.h */,
				6F600488210EC75D009C4F03 /* UserViewController.m */,
				6F60048A210ED043009C4F03 /* SecViewController.h */,
				6F60048B210ED043009C4F03 /* SecViewController.m */,
			);
			path = ui;
			sourceTree = "<group>";
		};
		6F60044D210EB14D009C4F03 /* data */ = {
			isa = PBXGroup;
			children = (
				6F6004EA210ED321009C4F03 /* NetWork */,
				6F600566210EE723009C4F03 /* MainAPI.h */,
				6F600567210EE723009C4F03 /* MainAPI.m */,
			);
			path = data;
			sourceTree = "<group>";
		};
		6F60044E210EB15B009C4F03 /* tool */ = {
			isa = PBXGroup;
			children = (
				6F60053D210ED7EA009C4F03 /* customView */,
				6F60051C210ED5B1009C4F03 /* UNApplicationTool.h */,
				6F60051D210ED5B2009C4F03 /* UNApplicationTool.m */,
				6F6004EF210ED322009C4F03 /* TDFileTool.h */,
				6F60048D210ED320009C4F03 /* TDFileTool.m */,
				6F60048E210ED321009C4F03 /* Thirds */,
				6F60045A210EB69F009C4F03 /* categary */,
			);
			path = tool;
			sourceTree = "<group>";
		};
		6F60045A210EB69F009C4F03 /* categary */ = {
			isa = PBXGroup;
			children = (
				6F600522210ED746009C4F03 /* KeyBorderState.h */,
				6F60052D210ED74C009C4F03 /* KeyBorderState.m */,
				6F60052E210ED74C009C4F03 /* MFTextField.h */,
				6F600524210ED747009C4F03 /* MFTextField.m */,
				6F60051F210ED745009C4F03 /* MJChiBaoZiFooter.h */,
				6F600520210ED745009C4F03 /* MJChiBaoZiFooter.m */,
				6F600531210ED74E009C4F03 /* MJChiBaoZiFooter2.h */,
				6F600521210ED746009C4F03 /* MJChiBaoZiFooter2.m */,
				6F600528210ED749009C4F03 /* NSArray+Ex.h */,
				6F60052A210ED74A009C4F03 /* NSArray+Ex.m */,
				6F60052F210ED74D009C4F03 /* PDPickerView.h */,
				6F60052C210ED74B009C4F03 /* PDPickerView.m */,
				6F600530210ED74D009C4F03 /* WDPicturePlayView.h */,
				6F600523210ED747009C4F03 /* WDPicturePlayView.m */,
				6F600526210ED748009C4F03 /* WDProgressHUD.h */,
				6F600532210ED74E009C4F03 /* WDProgressHUD.m */,
				6F60052B210ED74B009C4F03 /* YYCoreData.h */,
				6F600525210ED748009C4F03 /* YYCoreData.m */,
				6F60045B210EB69F009C4F03 /* uikit */,
				6F60046E210EB69F009C4F03 /* nsobject */,
			);
			path = categary;
			sourceTree = "<group>";
		};
		6F60045B210EB69F009C4F03 /* uikit */ = {
			isa = PBXGroup;
			children = (
				6F600465210EB69F009C4F03 /* UIButton+ImagePosition.h */,
				6F60045C210EB69F009C4F03 /* UIButton+ImagePosition.m */,
				6F600467210EB69F009C4F03 /* UIView+tool.h */,
				6F60045D210EB69F009C4F03 /* UIView+tool.m */,
				6F60045E210EB69F009C4F03 /* UIImage+tool.h */,
				6F600466210EB69F009C4F03 /* UIImage+tool.m */,
				6F60045F210EB69F009C4F03 /* UIBarButtonItem+Extension.h */,
				6F60046A210EB69F009C4F03 /* UIBarButtonItem+Extension.m */,
				6F600469210EB69F009C4F03 /* UIView+YNFind.h */,
				6F600460210EB69F009C4F03 /* UIView+YNFind.m */,
				6F600461210EB69F009C4F03 /* UILabel+YBAttributeTextTapAction.h */,
				6F600468210EB69F009C4F03 /* UILabel+YBAttributeTextTapAction.m */,
				6F600462210EB69F009C4F03 /* UIView+Toast.h */,
				6F60046D210EB69F009C4F03 /* UIView+Toast.m */,
				6F600463210EB69F009C4F03 /* UINavigationBar+Awesome.h */,
				6F60046C210EB69F009C4F03 /* UINavigationBar+Awesome.m */,
				6F60046B210EB69F009C4F03 /* UITextView+WZB.h */,
				6F600464210EB69F009C4F03 /* UITextView+WZB.m */,
			);
			path = uikit;
			sourceTree = "<group>";
		};
		6F60046E210EB69F009C4F03 /* nsobject */ = {
			isa = PBXGroup;
			children = (
				6F60046F210EB69F009C4F03 /* NSObject+Runtime.h */,
				6F600470210EB69F009C4F03 /* UIColor+Hex.m */,
				6F600471210EB69F009C4F03 /* NSString+tool.m */,
				6F600472210EB69F009C4F03 /* UIColor+Hex.h */,
				6F600473210EB69F009C4F03 /* NSObject+Runtime.m */,
				6F600474210EB69F009C4F03 /* NSString+tool.h */,
			);
			path = nsobject;
			sourceTree = "<group>";
		};
		6F60048E210ED321009C4F03 /* Thirds */ = {
			isa = PBXGroup;
			children = (
				6F60048F210ED321009C4F03 /* YZDisplayViewController */,
				6F600499210ED321009C4F03 /* DKSBadge */,
				6F6004A0210ED321009C4F03 /* SDPhotoBrowser */,
				6F6004A8210ED321009C4F03 /* MarkLabel */,
				6F6004AD210ED321009C4F03 /* WkwebView */,
				6F6004B3210ED321009C4F03 /* SwipeTableView */,
				6F6004BE210ED321009C4F03 /* ImageCollection */,
				6F6004C3210ED321009C4F03 /* WPhoto */,
				6F6004D3210ED321009C4F03 /* LEEAlert */,
				6F6004D7210ED321009C4F03 /* XC_Label */,
			);
			path = Thirds;
			sourceTree = "<group>";
		};
		6F60048F210ED321009C4F03 /* YZDisplayViewController */ = {
			isa = PBXGroup;
			children = (
				6F600490210ED321009C4F03 /* YZDisplayTitleLabel.m */,
				6F600491210ED321009C4F03 /* YZDisplayViewHeader.h */,
				6F600492210ED321009C4F03 /* YZFlowLayout.m */,
				6F600493210ED321009C4F03 /* UIView+Frame.m */,
				6F600494210ED321009C4F03 /* YZDisplayViewController.h */,
				6F600495210ED321009C4F03 /* YZDisplayTitleLabel.h */,
				6F600496210ED321009C4F03 /* YZFlowLayout.h */,
				6F600497210ED321009C4F03 /* YZDisplayViewController.m */,
				6F600498210ED321009C4F03 /* UIView+Frame.h */,
			);
			path = YZDisplayViewController;
			sourceTree = "<group>";
		};
		6F600499210ED321009C4F03 /* DKSBadge */ = {
			isa = PBXGroup;
			children = (
				6F60049A210ED321009C4F03 /* UITabBarItem+DKSBadge.h */,
				6F60049B210ED321009C4F03 /* UITabBar+DKSTabBar.h */,
				6F60049C210ED321009C4F03 /* UIView+DKSBadge.h */,
				6F60049D210ED321009C4F03 /* UITabBarItem+DKSBadge.m */,
				6F60049E210ED321009C4F03 /* UITabBar+DKSTabBar.m */,
				6F60049F210ED321009C4F03 /* UIView+DKSBadge.m */,
			);
			path = DKSBadge;
			sourceTree = "<group>";
		};
		6F6004A0210ED321009C4F03 /* SDPhotoBrowser */ = {
			isa = PBXGroup;
			children = (
				6F6004A1210ED321009C4F03 /* SDPhotoBrowserConfig.h */,
				6F6004A2210ED321009C4F03 /* SDPhotoBrowser.m */,
				6F6004A3210ED321009C4F03 /* SDWaitingView.m */,
				6F6004A4210ED321009C4F03 /* SDBrowserImageView.m */,
				6F6004A5210ED321009C4F03 /* SDWaitingView.h */,
				6F6004A6210ED321009C4F03 /* SDPhotoBrowser.h */,
				6F6004A7210ED321009C4F03 /* SDBrowserImageView.h */,
			);
			path = SDPhotoBrowser;
			sourceTree = "<group>";
		};
		6F6004A8210ED321009C4F03 /* MarkLabel */ = {
			isa = PBXGroup;
			children = (
				6F6004A9210ED321009C4F03 /* UILabel+SizeToFit.h */,
				6F6004AA210ED321009C4F03 /* JYLabelsSelect.h */,
				6F6004AB210ED321009C4F03 /* JYLabelsSelect.m */,
				6F6004AC210ED321009C4F03 /* UILabel+SizeToFit.m */,
			);
			path = MarkLabel;
			sourceTree = "<group>";
		};
		6F6004AD210ED321009C4F03 /* WkwebView */ = {
			isa = PBXGroup;
			children = (
				6F6004AE210ED321009C4F03 /* backItemImage_hl@2x.png */,
				6F6004AF210ED321009C4F03 /* backItemImage@2x.png */,
				6F6004B0210ED321009C4F03 /* WKWebViewController.m */,
				6F6004B1210ED321009C4F03 /* WKJSPOST.html */,
				6F6004B2210ED321009C4F03 /* WKWebViewController.h */,
			);
			path = WkwebView;
			sourceTree = "<group>";
		};
		6F6004B3210ED321009C4F03 /* SwipeTableView */ = {
			isa = PBXGroup;
			children = (
				6F6004B4210ED321009C4F03 /* CustomSegmentControl.h */,
				6F6004B5210ED321009C4F03 /* SwipeTableView.m */,
				6F6004B6210ED321009C4F03 /* STHeaderView.h */,
				6F6004B7210ED321009C4F03 /* STCollectionView.h */,
				6F6004B8210ED321009C4F03 /* UIView+STFrame.m */,
				6F6004B9210ED321009C4F03 /* CustomSegmentControl.m */,
				6F6004BA210ED321009C4F03 /* STCollectionView.m */,
				6F6004BB210ED321009C4F03 /* STHeaderView.m */,
				6F6004BC210ED321009C4F03 /* SwipeTableView.h */,
				6F6004BD210ED321009C4F03 /* UIView+STFrame.h */,
			);
			path = SwipeTableView;
			sourceTree = "<group>";
		};
		6F6004BE210ED321009C4F03 /* ImageCollection */ = {
			isa = PBXGroup;
			children = (
				6F6004BF210ED321009C4F03 /* XJAlbum.m */,
				6F6004C0210ED321009C4F03 /* XJImage.m */,
				6F6004C1210ED321009C4F03 /* XJAlbum.h */,
				6F6004C2210ED321009C4F03 /* XJImage.h */,
			);
			path = ImageCollection;
			sourceTree = "<group>";
		};
		6F6004C3210ED321009C4F03 /* WPhoto */ = {
			isa = PBXGroup;
			children = (
				6F6004C4210ED321009C4F03 /* myPhotoCell.m */,
				6F6004C5210ED321009C4F03 /* WPhotoViewController.m */,
				6F6004C6210ED321009C4F03 /* NavView.m */,
				6F6004C7210ED321009C4F03 /* WPhotoImage */,
				6F6004CB210ED321009C4F03 /* WPFunctionView.h */,
				6F6004CC210ED321009C4F03 /* UIImage+fixOrientation.h */,
				6F6004CD210ED321009C4F03 /* myPhotoCell.h */,
				6F6004CE210ED321009C4F03 /* WPMacros.h */,
				6F6004CF210ED321009C4F03 /* NavView.h */,
				6F6004D0210ED321009C4F03 /* WPhotoViewController.h */,
				6F6004D1210ED321009C4F03 /* WPFunctionView.m */,
				6F6004D2210ED321009C4F03 /* UIImage+fixOrientation.m */,
			);
			path = WPhoto;
			sourceTree = "<group>";
		};
		6F6004C7210ED321009C4F03 /* WPhotoImage */ = {
			isa = PBXGroup;
			children = (
				6F6004C8210ED321009C4F03 /* wphoto_select_no@2x.png */,
				6F6004C9210ED321009C4F03 /* wphoto_select_yes@2x.png */,
				6F6004CA210ED321009C4F03 /* wphoto_back@2x.png */,
			);
			path = WPhotoImage;
			sourceTree = "<group>";
		};
		6F6004D3210ED321009C4F03 /* LEEAlert */ = {
			isa = PBXGroup;
			children = (
				6F6004D4210ED321009C4F03 /* LEEAlertHelper.h */,
				6F6004D5210ED321009C4F03 /* LEEAlert.m */,
				6F6004D6210ED321009C4F03 /* LEEAlert.h */,
			);
			path = LEEAlert;
			sourceTree = "<group>";
		};
		6F6004D7210ED321009C4F03 /* XC_Label */ = {
			isa = PBXGroup;
			children = (
				6F6004D8210ED321009C4F03 /* XC_LabelCell */,
				6F6004DF210ED321009C4F03 /* XC_label.m */,
				6F6004E0210ED321009C4F03 /* Label_btn.m */,
				6F6004E1210ED321009C4F03 /* XC_LabelExtention */,
				6F6004E8210ED321009C4F03 /* XC_label.h */,
				6F6004E9210ED321009C4F03 /* Label_btn.h */,
			);
			path = XC_Label;
			sourceTree = "<group>";
		};
		6F6004D8210ED321009C4F03 /* XC_LabelCell */ = {
			isa = PBXGroup;
			children = (
				6F6004D9210ED321009C4F03 /* XC_LabelHeaderCollectionReusableView.h */,
				6F6004DA210ED321009C4F03 /* XC_LabelHeaderCollectionReusableView.xib */,
				6F6004DB210ED321009C4F03 /* XC_labelCollectionViewCell.m */,
				6F6004DC210ED321009C4F03 /* XC_labelCollectionViewCell.xib */,
				6F6004DD210ED321009C4F03 /* XC_LabelHeaderCollectionReusableView.m */,
				6F6004DE210ED321009C4F03 /* XC_labelCollectionViewCell.h */,
			);
			path = XC_LabelCell;
			sourceTree = "<group>";
		};
		6F6004E1210ED321009C4F03 /* XC_LabelExtention */ = {
			isa = PBXGroup;
			children = (
				6F6004E2210ED321009C4F03 /* UIView+XC_Frame.m */,
				6F6004E3210ED321009C4F03 /* UIButton+CGMCilckBtn.h */,
				6F6004E4210ED321009C4F03 /* XC_EqualSpaceCollectionViewFlowLayout.h */,
				6F6004E5210ED321009C4F03 /* UIView+XC_Frame.h */,
				6F6004E6210ED321009C4F03 /* UIButton+CGMCilckBtn.m */,
				6F6004E7210ED321009C4F03 /* XC_EqualSpaceCollectionViewFlowLayout.m */,
			);
			path = XC_LabelExtention;
			sourceTree = "<group>";
		};
		6F6004EA210ED321009C4F03 /* NetWork */ = {
			isa = PBXGroup;
			children = (
				6F6004ED210ED321009C4F03 /* UNAPIBase.h */,
				6F6004EB210ED321009C4F03 /* UNAPIBase.m */,
				6F6004EC210ED321009C4F03 /* UNSignTool.h */,
				6F6004EE210ED321009C4F03 /* UNSignTool.m */,
			);
			path = NetWork;
			sourceTree = "<group>";
		};
		6F60053D210ED7EA009C4F03 /* customView */ = {
			isa = PBXGroup;
			children = (
				6F60054E210ED7EA009C4F03 /* UNNoDataView.h */,
				6F60053E210ED7EA009C4F03 /* UNNoDataView.m */,
				6F60053F210ED7EA009C4F03 /* UNLabelLabelBtn.h */,
				6F60054D210ED7EA009C4F03 /* UNLabelLabelBtn.m */,
				6F60054F210ED7EA009C4F03 /* WJCircleBorderImageVIew.h */,
				6F600541210ED7EA009C4F03 /* WJCircleBorderImageVIew.m */,
				6F60054A210ED7EA009C4F03 /* UNActionSheet.m */,
				6F600552210ED7EA009C4F03 /* UNActionSheet.h */,
				6F60054C210ED7EA009C4F03 /* TDAlertView.h */,
				6F600554210ED7EA009C4F03 /* TDAlertView.m */,
				6F600550210ED7EA009C4F03 /* UNWebContentView.h */,
				6F600540210ED7EA009C4F03 /* UNWebContentView.m */,
				6F60054B210ED7EA009C4F03 /* WJErrorWebVIew.h */,
				6F600551210ED7EA009C4F03 /* WJErrorWebVIew.m */,
				6F600553210ED7EA009C4F03 /* WJImageTitleBtn.h */,
				6F600542210ED7EA009C4F03 /* WJImageTitleBtn.m */,
				6F600561210ED992009C4F03 /* UNWebControl.h */,
				6F600560210ED991009C4F03 /* UNWebControl.m */,
			);
			path = customView;
			sourceTree = "<group>";
		};
		DF6F3E958D9DBE09E212F070 /* Frameworks */ = {
			isa = PBXGroup;
			children = (
				1CAE45FC1D0CD0CE94638868 /* libPods-iOSTool.a */,
			);
			name = Frameworks;
			sourceTree = "<group>";
		};
/* End PBXGroup section */

/* Begin PBXNativeTarget section */
		6F60040E210EAD34009C4F03 /* iOSTool */ = {
			isa = PBXNativeTarget;
			buildConfigurationList = 6F60043B210EAD35009C4F03 /* Build configuration list for PBXNativeTarget "iOSTool" */;
			buildPhases = (
				83A61CFE069741743819E857 /* [CP] Check Pods Manifest.lock */,
				6F60040B210EAD34009C4F03 /* Sources */,
				6F60040C210EAD34009C4F03 /* Frameworks */,
				6F60040D210EAD34009C4F03 /* Resources */,
				D1065FE699632F8F6AE1A319 /* [CP] Embed Pods Frameworks */,
				A1553DB0E3A352C58B621722 /* [CP] Copy Pods Resources */,
			);
			buildRules = (
			);
			dependencies = (
			);
			name = iOSTool;
			productName = iOSTool;
			productReference = 6F60040F210EAD34009C4F03 /* iOSTool.app */;
			productType = "com.apple.product-type.application";
		};
		6F600426210EAD35009C4F03 /* iOSToolTests */ = {
			isa = PBXNativeTarget;
			buildConfigurationList = 6F60043E210EAD35009C4F03 /* Build configuration list for PBXNativeTarget "iOSToolTests" */;
			buildPhases = (
				6F600423210EAD35009C4F03 /* Sources */,
				6F600424210EAD35009C4F03 /* Frameworks */,
				6F600425210EAD35009C4F03 /* Resources */,
			);
			buildRules = (
			);
			dependencies = (
				6F600429210EAD35009C4F03 /* PBXTargetDependency */,
			);
			name = iOSToolTests;
			productName = iOSToolTests;
			productReference = 6F600427210EAD35009C4F03 /* iOSToolTests.xctest */;
			productType = "com.apple.product-type.bundle.unit-test";
		};
		6F600431210EAD35009C4F03 /* iOSToolUITests */ = {
			isa = PBXNativeTarget;
			buildConfigurationList = 6F600441210EAD35009C4F03 /* Build configuration list for PBXNativeTarget "iOSToolUITests" */;
			buildPhases = (
				6F60042E210EAD35009C4F03 /* Sources */,
				6F60042F210EAD35009C4F03 /* Frameworks */,
				6F600430210EAD35009C4F03 /* Resources */,
			);
			buildRules = (
			);
			dependencies = (
				6F600434210EAD35009C4F03 /* PBXTargetDependency */,
			);
			name = iOSToolUITests;
			productName = iOSToolUITests;
			productReference = 6F600432210EAD35009C4F03 /* iOSToolUITests.xctest */;
			productType = "com.apple.product-type.bundle.ui-testing";
		};
/* End PBXNativeTarget section */

/* Begin PBXProject section */
		6F600407210EAD34009C4F03 /* Project object */ = {
			isa = PBXProject;
			attributes = {
				LastUpgradeCheck = 0940;
				ORGANIZATIONNAME = "jack wei";
				TargetAttributes = {
					6F60040E210EAD34009C4F03 = {
						CreatedOnToolsVersion = 9.4.1;
					};
					6F600426210EAD35009C4F03 = {
						CreatedOnToolsVersion = 9.4.1;
						TestTargetID = 6F60040E210EAD34009C4F03;
					};
					6F600431210EAD35009C4F03 = {
						CreatedOnToolsVersion = 9.4.1;
						TestTargetID = 6F60040E210EAD34009C4F03;
					};
				};
			};
			buildConfigurationList = 6F60040A210EAD34009C4F03 /* Build configuration list for PBXProject "iOSTool" */;
			compatibilityVersion = "Xcode 9.3";
			developmentRegion = en;
			hasScannedForEncodings = 0;
			knownRegions = (
				en,
				Base,
				"zh-Hans",
			);
			mainGroup = 6F600406210EAD34009C4F03;
			productRefGroup = 6F600410210EAD34009C4F03 /* Products */;
			projectDirPath = "";
			projectRoot = "";
			targets = (
				6F60040E210EAD34009C4F03 /* iOSTool */,
				6F600426210EAD35009C4F03 /* iOSToolTests */,
				6F600431210EAD35009C4F03 /* iOSToolUITests */,
			);
		};
/* End PBXProject section */

/* Begin PBXResourcesBuildPhase section */
		6F60040D210EAD34009C4F03 /* Resources */ = {
			isa = PBXResourcesBuildPhase;
			buildActionMask = 2147483647;
			files = (
				6F600513210ED322009C4F03 /* XC_labelCollectionViewCell.xib in Resources */,
				6F60050D210ED322009C4F03 /* wphoto_back@2x.png in Resources */,
				6F60050B210ED322009C4F03 /* wphoto_select_no@2x.png in Resources */,
				6F600500210ED322009C4F03 /* WKJSPOST.html in Resources */,
				6F600451210EB3F1009C4F03 /* Info.strings in Resources */,
				6F60050C210ED322009C4F03 /* wphoto_select_yes@2x.png in Resources */,
				6F6004FD210ED322009C4F03 /* backItemImage_hl@2x.png in Resources */,
				6F6004FE210ED322009C4F03 /* backItemImage@2x.png in Resources */,
				6F60041F210EAD35009C4F03 /* LaunchScreen.storyboard in Resources */,
				6F600511210ED322009C4F03 /* XC_LabelHeaderCollectionReusableView.xib in Resources */,
				6F60041C210EAD35009C4F03 /* Assets.xcassets in Resources */,
				6F60041A210EAD34009C4F03 /* Main.storyboard in Resources */,
			);
			runOnlyForDeploymentPostprocessing = 0;
		};
		6F600425210EAD35009C4F03 /* Resources */ = {
			isa = PBXResourcesBuildPhase;
			buildActionMask = 2147483647;
			files = (
			);
			runOnlyForDeploymentPostprocessing = 0;
		};
		6F600430210EAD35009C4F03 /* Resources */ = {
			isa = PBXResourcesBuildPhase;
			buildActionMask = 2147483647;
			files = (
			);
			runOnlyForDeploymentPostprocessing = 0;
		};
/* End PBXResourcesBuildPhase section */

/* Begin PBXShellScriptBuildPhase section */
		83A61CFE069741743819E857 /* [CP] Check Pods Manifest.lock */ = {
			isa = PBXShellScriptBuildPhase;
			buildActionMask = 2147483647;
			files = (
			);
			inputPaths = (
				"${PODS_PODFILE_DIR_PATH}/Podfile.lock",
				"${PODS_ROOT}/Manifest.lock",
			);
			name = "[CP] Check Pods Manifest.lock";
			outputPaths = (
				"$(DERIVED_FILE_DIR)/Pods-iOSTool-checkManifestLockResult.txt",
			);
			runOnlyForDeploymentPostprocessing = 0;
			shellPath = /bin/sh;
			shellScript = "diff \"${PODS_PODFILE_DIR_PATH}/Podfile.lock\" \"${PODS_ROOT}/Manifest.lock\" > /dev/null\nif [ $? != 0 ] ; then\n    # print error to STDERR\n    echo \"error: The sandbox is not in sync with the Podfile.lock. Run 'pod install' or update your CocoaPods installation.\" >&2\n    exit 1\nfi\n# This output is used by Xcode 'outputs' to avoid re-running this script phase.\necho \"SUCCESS\" > \"${SCRIPT_OUTPUT_FILE_0}\"\n";
			showEnvVarsInLog = 0;
		};
		A1553DB0E3A352C58B621722 /* [CP] Copy Pods Resources */ = {
			isa = PBXShellScriptBuildPhase;
			buildActionMask = 2147483647;
			files = (
			);
			inputPaths = (
				"${SRCROOT}/Pods/Target Support Files/Pods-iOSTool/Pods-iOSTool-resources.sh",
				"${PODS_ROOT}/MJRefresh/MJRefresh/MJRefresh.bundle",
				"${PODS_ROOT}/RSKImageCropper/RSKImageCropper/RSKImageCropperStrings.bundle",
				"${PODS_ROOT}/RongCloudIM/RongCloudIM/RongCloud.bundle",
				"${PODS_ROOT}/RongCloudIM/RongCloudIM/en.lproj",
				"${PODS_ROOT}/RongCloudIM/RongCloudIM/zh-Hans.lproj",
				"${PODS_ROOT}/RongCloudIM/RongCloudIM/Emoji.plist",
				"${PODS_ROOT}/RongCloudIM/RongCloudIM/RCColor.plist",
				"${PODS_ROOT}/RongCloudIM/RongCloudIM/RCConfig.plist",
				"${PODS_ROOT}/STPickerView/STPickerView/Resource/area.plist",
				"${PODS_ROOT}/SVProgressHUD/SVProgressHUD/SVProgressHUD.bundle",
				"${PODS_ROOT}/TZImagePickerController/TZImagePickerController/TZImagePickerController/TZImagePickerController.bundle",
			);
			name = "[CP] Copy Pods Resources";
			outputPaths = (
				"${TARGET_BUILD_DIR}/${UNLOCALIZED_RESOURCES_FOLDER_PATH}/MJRefresh.bundle",
				"${TARGET_BUILD_DIR}/${UNLOCALIZED_RESOURCES_FOLDER_PATH}/RSKImageCropperStrings.bundle",
				"${TARGET_BUILD_DIR}/${UNLOCALIZED_RESOURCES_FOLDER_PATH}/RongCloud.bundle",
				"${TARGET_BUILD_DIR}/${UNLOCALIZED_RESOURCES_FOLDER_PATH}/en.lproj",
				"${TARGET_BUILD_DIR}/${UNLOCALIZED_RESOURCES_FOLDER_PATH}/zh-Hans.lproj",
				"${TARGET_BUILD_DIR}/${UNLOCALIZED_RESOURCES_FOLDER_PATH}/Emoji.plist",
				"${TARGET_BUILD_DIR}/${UNLOCALIZED_RESOURCES_FOLDER_PATH}/RCColor.plist",
				"${TARGET_BUILD_DIR}/${UNLOCALIZED_RESOURCES_FOLDER_PATH}/RCConfig.plist",
				"${TARGET_BUILD_DIR}/${UNLOCALIZED_RESOURCES_FOLDER_PATH}/area.plist",
				"${TARGET_BUILD_DIR}/${UNLOCALIZED_RESOURCES_FOLDER_PATH}/SVProgressHUD.bundle",
				"${TARGET_BUILD_DIR}/${UNLOCALIZED_RESOURCES_FOLDER_PATH}/TZImagePickerController.bundle",
			);
			runOnlyForDeploymentPostprocessing = 0;
			shellPath = /bin/sh;
			shellScript = "\"${SRCROOT}/Pods/Target Support Files/Pods-iOSTool/Pods-iOSTool-resources.sh\"\n";
			showEnvVarsInLog = 0;
		};
		D1065FE699632F8F6AE1A319 /* [CP] Embed Pods Frameworks */ = {
			isa = PBXShellScriptBuildPhase;
			buildActionMask = 2147483647;
			files = (
			);
			inputPaths = (
			);
			name = "[CP] Embed Pods Frameworks";
			outputPaths = (
			);
			runOnlyForDeploymentPostprocessing = 0;
			shellPath = /bin/sh;
			shellScript = "\"${SRCROOT}/Pods/Target Support Files/Pods-iOSTool/Pods-iOSTool-frameworks.sh\"\n";
			showEnvVarsInLog = 0;
		};
/* End PBXShellScriptBuildPhase section */

/* Begin PBXSourcesBuildPhase section */
		6F60040B210EAD34009C4F03 /* Sources */ = {
			isa = PBXSourcesBuildPhase;
			buildActionMask = 2147483647;
			files = (
				6F6004F3210ED322009C4F03 /* UIView+Frame.m in Sources */,
				6F6004FB210ED322009C4F03 /* JYLabelsSelect.m in Sources */,
				6F600535210ED74E009C4F03 /* WDPicturePlayView.m in Sources */,
				6F6004F5210ED322009C4F03 /* UITabBarItem+DKSBadge.m in Sources */,
				6F600514210ED322009C4F03 /* XC_LabelHeaderCollectionReusableView.m in Sources */,
				6F600489210EC75D009C4F03 /* UserViewController.m in Sources */,
				6F600537210ED74E009C4F03 /* YYCoreData.m in Sources */,
				6F600505210ED322009C4F03 /* STHeaderView.m in Sources */,
				6F60047C210EB69F009C4F03 /* UINavigationBar+Awesome.m in Sources */,
				6F60047E210EB69F009C4F03 /* UIColor+Hex.m in Sources */,
				6F600518210ED322009C4F03 /* UIButton+CGMCilckBtn.m in Sources */,
				6F60051B210ED322009C4F03 /* UNSignTool.m in Sources */,
				6F600506210ED322009C4F03 /* XJAlbum.m in Sources */,
				6F60053B210ED74E009C4F03 /* KeyBorderState.m in Sources */,
				6F6004F9210ED322009C4F03 /* SDWaitingView.m in Sources */,
				6F60047B210EB69F009C4F03 /* UIBarButtonItem+Extension.m in Sources */,
				6F600475210EB69F009C4F03 /* UIButton+ImagePosition.m in Sources */,
				6F600502210ED322009C4F03 /* UIView+STFrame.m in Sources */,
				6F60050F210ED322009C4F03 /* UIImage+fixOrientation.m in Sources */,
				6F600568210EE723009C4F03 /* MainAPI.m in Sources */,
				6F60055C210ED7EA009C4F03 /* UNActionSheet.m in Sources */,
				6F600516210ED322009C4F03 /* Label_btn.m in Sources */,
				6F600509210ED322009C4F03 /* WPhotoViewController.m in Sources */,
				6F600556210ED7EA009C4F03 /* UNWebContentView.m in Sources */,
				6F600519210ED322009C4F03 /* XC_EqualSpaceCollectionViewFlowLayout.m in Sources */,
				6F600503210ED322009C4F03 /* CustomSegmentControl.m in Sources */,
				6F6004FF210ED322009C4F03 /* WKWebViewController.m in Sources */,
				6F6004F6210ED322009C4F03 /* UITabBar+DKSTabBar.m in Sources */,
				6F600562210ED992009C4F03 /* UNWebControl.m in Sources */,
				6F6004FA210ED322009C4F03 /* SDBrowserImageView.m in Sources */,
				6F60055F210ED7EA009C4F03 /* TDAlertView.m in Sources */,
				6F600422210EAD35009C4F03 /* main.m in Sources */,
				6F6004F8210ED322009C4F03 /* SDPhotoBrowser.m in Sources */,
				6F60047D210EB69F009C4F03 /* UIView+Toast.m in Sources */,
				6F6004F2210ED322009C4F03 /* YZFlowLayout.m in Sources */,
				6F600515210ED322009C4F03 /* XC_label.m in Sources */,
				6F60053A210ED74E009C4F03 /* PDPickerView.m in Sources */,
				6F600534210ED74E009C4F03 /* MJChiBaoZiFooter2.m in Sources */,
				6F6004F0210ED322009C4F03 /* TDFileTool.m in Sources */,
				6F600446210EADFA009C4F03 /* RootViewController.m in Sources */,
				6F600512210ED322009C4F03 /* XC_labelCollectionViewCell.m in Sources */,
				6F600508210ED322009C4F03 /* myPhotoCell.m in Sources */,
				6F60051E210ED5B2009C4F03 /* UNApplicationTool.m in Sources */,
				6F600517210ED322009C4F03 /* UIView+XC_Frame.m in Sources */,
				6F60048C210ED043009C4F03 /* SecViewController.m in Sources */,
				6F600483210EC737009C4F03 /* BaseViewController.m in Sources */,
				6F600486210EC74E009C4F03 /* FirstPageViewController.m in Sources */,
				6F600476210EB69F009C4F03 /* UIView+tool.m in Sources */,
				6F60050A210ED322009C4F03 /* NavView.m in Sources */,
				6F60055D210ED7EA009C4F03 /* UNLabelLabelBtn.m in Sources */,
				6F6004FC210ED322009C4F03 /* UILabel+SizeToFit.m in Sources */,
				6F600507210ED322009C4F03 /* XJImage.m in Sources */,
				6F600510210ED322009C4F03 /* LEEAlert.m in Sources */,
				6F600478210EB69F009C4F03 /* UITextView+WZB.m in Sources */,
				6F60047A210EB69F009C4F03 /* UILabel+YBAttributeTextTapAction.m in Sources */,
				6F60053C210ED74E009C4F03 /* WDProgressHUD.m in Sources */,
				6F600539210ED74E009C4F03 /* NSArray+Ex.m in Sources */,
				6F6004F1210ED322009C4F03 /* YZDisplayTitleLabel.m in Sources */,
				6F60047F210EB69F009C4F03 /* NSString+tool.m in Sources */,
				6F6004F7210ED322009C4F03 /* UIView+DKSBadge.m in Sources */,
				6F600501210ED322009C4F03 /* SwipeTableView.m in Sources */,
				6F600533210ED74E009C4F03 /* MJChiBaoZiFooter.m in Sources */,
				6F60051A210ED322009C4F03 /* UNAPIBase.m in Sources */,
				6F60055E210ED7EA009C4F03 /* WJErrorWebVIew.m in Sources */,
				6F6004F4210ED322009C4F03 /* YZDisplayViewController.m in Sources */,
				6F600449210EAE7F009C4F03 /* CustomNavigationController.m in Sources */,
				6F600558210ED7EA009C4F03 /* WJImageTitleBtn.m in Sources */,
				6F600504210ED322009C4F03 /* STCollectionView.m in Sources */,
				6F60050E210ED322009C4F03 /* WPFunctionView.m in Sources */,
				6F600479210EB69F009C4F03 /* UIImage+tool.m in Sources */,
				6F600536210ED74E009C4F03 /* MFTextField.m in Sources */,
				6F600477210EB69F009C4F03 /* UIView+YNFind.m in Sources */,
				6F600414210EAD34009C4F03 /* AppDelegate.m in Sources */,
				6F600555210ED7EA009C4F03 /* UNNoDataView.m in Sources */,
				6F600480210EB69F009C4F03 /* NSObject+Runtime.m in Sources */,
				6F600557210ED7EA009C4F03 /* WJCircleBorderImageVIew.m in Sources */,
			);
			runOnlyForDeploymentPostprocessing = 0;
		};
		6F600423210EAD35009C4F03 /* Sources */ = {
			isa = PBXSourcesBuildPhase;
			buildActionMask = 2147483647;
			files = (
				6F60042C210EAD35009C4F03 /* iOSToolTests.m in Sources */,
			);
			runOnlyForDeploymentPostprocessing = 0;
		};
		6F60042E210EAD35009C4F03 /* Sources */ = {
			isa = PBXSourcesBuildPhase;
			buildActionMask = 2147483647;
			files = (
				6F600437210EAD35009C4F03 /* iOSToolUITests.m in Sources */,
			);
			runOnlyForDeploymentPostprocessing = 0;
		};
/* End PBXSourcesBuildPhase section */

/* Begin PBXTargetDependency section */
		6F600429210EAD35009C4F03 /* PBXTargetDependency */ = {
			isa = PBXTargetDependency;
			target = 6F60040E210EAD34009C4F03 /* iOSTool */;
			targetProxy = 6F600428210EAD35009C4F03 /* PBXContainerItemProxy */;
		};
		6F600434210EAD35009C4F03 /* PBXTargetDependency */ = {
			isa = PBXTargetDependency;
			target = 6F60040E210EAD34009C4F03 /* iOSTool */;
			targetProxy = 6F600433210EAD35009C4F03 /* PBXContainerItemProxy */;
		};
/* End PBXTargetDependency section */

/* Begin PBXVariantGroup section */
		6F600418210EAD34009C4F03 /* Main.storyboard */ = {
			isa = PBXVariantGroup;
			children = (
				6F600419210EAD34009C4F03 /* Base */,
				6F600454210EB406009C4F03 /* zh-Hans */,
			);
			name = Main.storyboard;
			sourceTree = "<group>";
		};
		6F60041D210EAD35009C4F03 /* LaunchScreen.storyboard */ = {
			isa = PBXVariantGroup;
			children = (
				6F60041E210EAD35009C4F03 /* Base */,
				6F600455210EB406009C4F03 /* zh-Hans */,
			);
			name = LaunchScreen.storyboard;
			sourceTree = "<group>";
		};
		6F600453210EB3F1009C4F03 /* Info.strings */ = {
			isa = PBXVariantGroup;
			children = (
				6F600452210EB3F1009C4F03 /* en */,
				6F600456210EB406009C4F03 /* zh-Hans */,
			);
			name = Info.strings;
			sourceTree = "<group>";
		};
/* End PBXVariantGroup section */

/* Begin XCBuildConfiguration section */
		6F600439210EAD35009C4F03 /* Debug */ = {
			isa = XCBuildConfiguration;
			buildSettings = {
				ALWAYS_SEARCH_USER_PATHS = NO;
				CLANG_ANALYZER_LOCALIZABILITY_NONLOCALIZED = YES;
				CLANG_ANALYZER_NONNULL = YES;
				CLANG_ANALYZER_NUMBER_OBJECT_CONVERSION = YES_AGGRESSIVE;
				CLANG_CXX_LANGUAGE_STANDARD = "gnu++14";
				CLANG_CXX_LIBRARY = "libc++";
				CLANG_ENABLE_MODULES = YES;
				CLANG_ENABLE_OBJC_ARC = YES;
				CLANG_ENABLE_OBJC_WEAK = YES;
				CLANG_WARN_BLOCK_CAPTURE_AUTORELEASING = YES;
				CLANG_WARN_BOOL_CONVERSION = YES;
				CLANG_WARN_COMMA = YES;
				CLANG_WARN_CONSTANT_CONVERSION = YES;
				CLANG_WARN_DEPRECATED_OBJC_IMPLEMENTATIONS = YES;
				CLANG_WARN_DIRECT_OBJC_ISA_USAGE = YES_ERROR;
				CLANG_WARN_DOCUMENTATION_COMMENTS = YES;
				CLANG_WARN_EMPTY_BODY = YES;
				CLANG_WARN_ENUM_CONVERSION = YES;
				CLANG_WARN_INFINITE_RECURSION = YES;
				CLANG_WARN_INT_CONVERSION = YES;
				CLANG_WARN_NON_LITERAL_NULL_CONVERSION = YES;
				CLANG_WARN_OBJC_IMPLICIT_RETAIN_SELF = YES;
				CLANG_WARN_OBJC_LITERAL_CONVERSION = YES;
				CLANG_WARN_OBJC_ROOT_CLASS = YES_ERROR;
				CLANG_WARN_RANGE_LOOP_ANALYSIS = YES;
				CLANG_WARN_STRICT_PROTOTYPES = YES;
				CLANG_WARN_SUSPICIOUS_MOVE = YES;
				CLANG_WARN_UNGUARDED_AVAILABILITY = YES_AGGRESSIVE;
				CLANG_WARN_UNREACHABLE_CODE = YES;
				CLANG_WARN__DUPLICATE_METHOD_MATCH = YES;
				CODE_SIGN_IDENTITY = "iPhone Developer";
				COPY_PHASE_STRIP = NO;
				DEBUG_INFORMATION_FORMAT = dwarf;
				ENABLE_STRICT_OBJC_MSGSEND = YES;
				ENABLE_TESTABILITY = YES;
				GCC_C_LANGUAGE_STANDARD = gnu11;
				GCC_DYNAMIC_NO_PIC = NO;
				GCC_NO_COMMON_BLOCKS = YES;
				GCC_OPTIMIZATION_LEVEL = 0;
				GCC_PREPROCESSOR_DEFINITIONS = (
					"DEBUG=1",
					"$(inherited)",
				);
				GCC_WARN_64_TO_32_BIT_CONVERSION = YES;
				GCC_WARN_ABOUT_RETURN_TYPE = YES_ERROR;
				GCC_WARN_UNDECLARED_SELECTOR = YES;
				GCC_WARN_UNINITIALIZED_AUTOS = YES_AGGRESSIVE;
				GCC_WARN_UNUSED_FUNCTION = YES;
				GCC_WARN_UNUSED_VARIABLE = YES;
				IPHONEOS_DEPLOYMENT_TARGET = 11.4;
				MTL_ENABLE_DEBUG_INFO = YES;
				ONLY_ACTIVE_ARCH = YES;
				SDKROOT = iphoneos;
			};
			name = Debug;
		};
		6F60043A210EAD35009C4F03 /* Release */ = {
			isa = XCBuildConfiguration;
			buildSettings = {
				ALWAYS_SEARCH_USER_PATHS = NO;
				CLANG_ANALYZER_LOCALIZABILITY_NONLOCALIZED = YES;
				CLANG_ANALYZER_NONNULL = YES;
				CLANG_ANALYZER_NUMBER_OBJECT_CONVERSION = YES_AGGRESSIVE;
				CLANG_CXX_LANGUAGE_STANDARD = "gnu++14";
				CLANG_CXX_LIBRARY = "libc++";
				CLANG_ENABLE_MODULES = YES;
				CLANG_ENABLE_OBJC_ARC = YES;
				CLANG_ENABLE_OBJC_WEAK = YES;
				CLANG_WARN_BLOCK_CAPTURE_AUTORELEASING = YES;
				CLANG_WARN_BOOL_CONVERSION = YES;
				CLANG_WARN_COMMA = YES;
				CLANG_WARN_CONSTANT_CONVERSION = YES;
				CLANG_WARN_DEPRECATED_OBJC_IMPLEMENTATIONS = YES;
				CLANG_WARN_DIRECT_OBJC_ISA_USAGE = YES_ERROR;
				CLANG_WARN_DOCUMENTATION_COMMENTS = YES;
				CLANG_WARN_EMPTY_BODY = YES;
				CLANG_WARN_ENUM_CONVERSION = YES;
				CLANG_WARN_INFINITE_RECURSION = YES;
				CLANG_WARN_INT_CONVERSION = YES;
				CLANG_WARN_NON_LITERAL_NULL_CONVERSION = YES;
				CLANG_WARN_OBJC_IMPLICIT_RETAIN_SELF = YES;
				CLANG_WARN_OBJC_LITERAL_CONVERSION = YES;
				CLANG_WARN_OBJC_ROOT_CLASS = YES_ERROR;
				CLANG_WARN_RANGE_LOOP_ANALYSIS = YES;
				CLANG_WARN_STRICT_PROTOTYPES = YES;
				CLANG_WARN_SUSPICIOUS_MOVE = YES;
				CLANG_WARN_UNGUARDED_AVAILABILITY = YES_AGGRESSIVE;
				CLANG_WARN_UNREACHABLE_CODE = YES;
				CLANG_WARN__DUPLICATE_METHOD_MATCH = YES;
				CODE_SIGN_IDENTITY = "iPhone Developer";
				COPY_PHASE_STRIP = NO;
				DEBUG_INFORMATION_FORMAT = "dwarf-with-dsym";
				ENABLE_NS_ASSERTIONS = NO;
				ENABLE_STRICT_OBJC_MSGSEND = YES;
				GCC_C_LANGUAGE_STANDARD = gnu11;
				GCC_NO_COMMON_BLOCKS = YES;
				GCC_WARN_64_TO_32_BIT_CONVERSION = YES;
				GCC_WARN_ABOUT_RETURN_TYPE = YES_ERROR;
				GCC_WARN_UNDECLARED_SELECTOR = YES;
				GCC_WARN_UNINITIALIZED_AUTOS = YES_AGGRESSIVE;
				GCC_WARN_UNUSED_FUNCTION = YES;
				GCC_WARN_UNUSED_VARIABLE = YES;
				IPHONEOS_DEPLOYMENT_TARGET = 11.4;
				MTL_ENABLE_DEBUG_INFO = NO;
				SDKROOT = iphoneos;
				VALIDATE_PRODUCT = YES;
			};
			name = Release;
		};
		6F60043C210EAD35009C4F03 /* Debug */ = {
			isa = XCBuildConfiguration;
			baseConfigurationReference = A0358831D8C0699043F67F0E /* Pods-iOSTool.debug.xcconfig */;
			buildSettings = {
				ASSETCATALOG_COMPILER_APPICON_NAME = AppIcon;
				CODE_SIGN_STYLE = Automatic;
				INFOPLIST_FILE = iOSTool/Info.plist;
				IPHONEOS_DEPLOYMENT_TARGET = 8.0;
				LD_RUNPATH_SEARCH_PATHS = (
					"$(inherited)",
					"@executable_path/Frameworks",
				);
				PRODUCT_BUNDLE_IDENTIFIER = WJ.iOSTool;
				PRODUCT_NAME = "$(TARGET_NAME)";
				TARGETED_DEVICE_FAMILY = "1,2";
			};
			name = Debug;
		};
		6F60043D210EAD35009C4F03 /* Release */ = {
			isa = XCBuildConfiguration;
			baseConfigurationReference = EA96A9EF60C4CF668EAB7A86 /* Pods-iOSTool.release.xcconfig */;
			buildSettings = {
				ASSETCATALOG_COMPILER_APPICON_NAME = AppIcon;
				CODE_SIGN_STYLE = Automatic;
				INFOPLIST_FILE = iOSTool/Info.plist;
				IPHONEOS_DEPLOYMENT_TARGET = 8.0;
				LD_RUNPATH_SEARCH_PATHS = (
					"$(inherited)",
					"@executable_path/Frameworks",
				);
				PRODUCT_BUNDLE_IDENTIFIER = WJ.iOSTool;
				PRODUCT_NAME = "$(TARGET_NAME)";
				TARGETED_DEVICE_FAMILY = "1,2";
			};
			name = Release;
		};
		6F60043F210EAD35009C4F03 /* Debug */ = {
			isa = XCBuildConfiguration;
			buildSettings = {
				BUNDLE_LOADER = "$(TEST_HOST)";
				CODE_SIGN_STYLE = Automatic;
				INFOPLIST_FILE = iOSToolTests/Info.plist;
				LD_RUNPATH_SEARCH_PATHS = (
					"$(inherited)",
					"@executable_path/Frameworks",
					"@loader_path/Frameworks",
				);
				PRODUCT_BUNDLE_IDENTIFIER = WJ.iOSToolTests;
				PRODUCT_NAME = "$(TARGET_NAME)";
				TARGETED_DEVICE_FAMILY = "1,2";
				TEST_HOST = "$(BUILT_PRODUCTS_DIR)/iOSTool.app/iOSTool";
			};
			name = Debug;
		};
		6F600440210EAD35009C4F03 /* Release */ = {
			isa = XCBuildConfiguration;
			buildSettings = {
				BUNDLE_LOADER = "$(TEST_HOST)";
				CODE_SIGN_STYLE = Automatic;
				INFOPLIST_FILE = iOSToolTests/Info.plist;
				LD_RUNPATH_SEARCH_PATHS = (
					"$(inherited)",
					"@executable_path/Frameworks",
					"@loader_path/Frameworks",
				);
				PRODUCT_BUNDLE_IDENTIFIER = WJ.iOSToolTests;
				PRODUCT_NAME = "$(TARGET_NAME)";
				TARGETED_DEVICE_FAMILY = "1,2";
				TEST_HOST = "$(BUILT_PRODUCTS_DIR)/iOSTool.app/iOSTool";
			};
			name = Release;
		};
		6F600442210EAD35009C4F03 /* Debug */ = {
			isa = XCBuildConfiguration;
			buildSettings = {
				CODE_SIGN_STYLE = Automatic;
				INFOPLIST_FILE = iOSToolUITests/Info.plist;
				LD_RUNPATH_SEARCH_PATHS = (
					"$(inherited)",
					"@executable_path/Frameworks",
					"@loader_path/Frameworks",
				);
				PRODUCT_BUNDLE_IDENTIFIER = WJ.iOSToolUITests;
				PRODUCT_NAME = "$(TARGET_NAME)";
				TARGETED_DEVICE_FAMILY = "1,2";
				TEST_TARGET_NAME = iOSTool;
			};
			name = Debug;
		};
		6F600443210EAD35009C4F03 /* Release */ = {
			isa = XCBuildConfiguration;
			buildSettings = {
				CODE_SIGN_STYLE = Automatic;
				INFOPLIST_FILE = iOSToolUITests/Info.plist;
				LD_RUNPATH_SEARCH_PATHS = (
					"$(inherited)",
					"@executable_path/Frameworks",
					"@loader_path/Frameworks",
				);
				PRODUCT_BUNDLE_IDENTIFIER = WJ.iOSToolUITests;
				PRODUCT_NAME = "$(TARGET_NAME)";
				TARGETED_DEVICE_FAMILY = "1,2";
				TEST_TARGET_NAME = iOSTool;
			};
			name = Release;
		};
/* End XCBuildConfiguration section */

/* Begin XCConfigurationList section */
		6F60040A210EAD34009C4F03 /* Build configuration list for PBXProject "iOSTool" */ = {
			isa = XCConfigurationList;
			buildConfigurations = (
				6F600439210EAD35009C4F03 /* Debug */,
				6F60043A210EAD35009C4F03 /* Release */,
			);
			defaultConfigurationIsVisible = 0;
			defaultConfigurationName = Release;
		};
		6F60043B210EAD35009C4F03 /* Build configuration list for PBXNativeTarget "iOSTool" */ = {
			isa = XCConfigurationList;
			buildConfigurations = (
				6F60043C210EAD35009C4F03 /* Debug */,
				6F60043D210EAD35009C4F03 /* Release */,
			);
			defaultConfigurationIsVisible = 0;
			defaultConfigurationName = Release;
		};
		6F60043E210EAD35009C4F03 /* Build configuration list for PBXNativeTarget "iOSToolTests" */ = {
			isa = XCConfigurationList;
			buildConfigurations = (
				6F60043F210EAD35009C4F03 /* Debug */,
				6F600440210EAD35009C4F03 /* Release */,
			);
			defaultConfigurationIsVisible = 0;
			defaultConfigurationName = Release;
		};
		6F600441210EAD35009C4F03 /* Build configuration list for PBXNativeTarget "iOSToolUITests" */ = {
			isa = XCConfigurationList;
			buildConfigurations = (
				6F600442210EAD35009C4F03 /* Debug */,
				6F600443210EAD35009C4F03 /* Release */,
			);
			defaultConfigurationIsVisible = 0;
			defaultConfigurationName = Release;
		};
/* End XCConfigurationList section */
	};
	rootObject = 6F600407210EAD34009C4F03 /* Project object */;
}
